
Microsoft Visual Studio Solution File, Format Version 12.00
# Visual Studio Version 16
VisualStudioVersion = 16.0.29519.181
MinimumVisualStudioVersion = 10.0.40219.1
Project("{8BC9CEB8-8B4A-11D0-8D11-00A0C91BC942}") = "Day01", "Day01\Day01.vcxproj", "{A34F7E6F-64B3-43EB-84E1-BFEF352D9C3E}"
EndProject
Project("{8BC9CEB8-8B4A-11D0-8D11-00A0C91BC942}") = "Day02", "Day02\Day02.vcxproj", "{3EAF41BD-4CF3-4969-A0DD-A032FDC55E56}"
EndProject
Project("{8BC9CEB8-8B4A-11D0-8D11-00A0C91BC942}") = "Day03", "Day03\Day03.vcxproj", "{4AF14CB3-9678-461A-B581-8FD30C0BDCEE}"
EndProject
Project("{8BC9CEB8-8B4A-11D0-8D11-00A0C91BC942}") = "Day04", "Day04\Day04.vcxproj", "{1C2B7D3A-216F-414B-86E3-3EC43F7A96E7}"
EndProject
Project("{8BC9CEB8-8B4A-11D0-8D11-00A0C91BC942}") = "Day05", "Day05\Day05.vcxproj", "{BAC20208-EA52-4148-B8CB-68B25415314F}"
EndProject
Project("{8BC9CEB8-8B4A-11D0-8D11-00A0C91BC942}") = "Day06", "Day06\Day06.vcxproj", "{25B2EFAA-F4C1-48EF-BEDE-04C42F472421}"
EndProject
Project("{8BC9CEB8-8B4A-11D0-8D11-00A0C91BC942}") = "Day07", "Day07\Day07.vcxproj", "{B46C58B9-C14A-4EED-9AF6-A7E6073356DC}"
EndProject
Project("{8BC9CEB8-8B4A-11D0-8D11-00A0C91BC942}") = "Day08", "Day08\Day08.vcxproj", "{93EAEB6A-716E-4AEA-A55C-1516B85070B2}"
EndProject
Project("{8BC9CEB8-8B4A-11D0-8D11-00A0C91BC942}") = "Day09", "Day09\Day09.vcxproj", "{79091766-096A-47E8-B681-116F9DB84A9B}"
EndProject
Project("{8BC9CEB8-8B4A-11D0-8D11-00A0C91BC942}") = "Day10", "Day10\Day10.vcxproj", "{6E7A7B5D-E57F-4304-8399-0CE26C3793EA}"
EndProject
Project("{8BC9CEB8-8B4A-11D0-8D11-00A0C91BC942}") = "Day11", "Day11\Day11.vcxproj", "{749600EC-D493-45B7-BA84-FD63B11CAAAA}"
EndProject
Project("{8BC9CEB8-8B4A-11D0-8D11-00A0C91BC942}") = "Day12", "Day12\Day12.vcxproj", "{BA31847E-2167-4FFD-B48D-E65B14468CD6}"
EndProject
Project("{8BC9CEB8-8B4A-11D0-8D11-00A0C91BC942}") = "Day13", "Day13\Day13.vcxproj", "{839986F0-7FD0-41FC-9428-C3BB2BFF67B6}"
EndProject
Project("{8BC9CEB8-8B4A-11D0-8D11-00A0C91BC942}") = "Day14", "Day14\Day14.vcxproj", "{E21FAF4A-0043-4F2A-8307-33E26DA82F0A}"
EndProject
Project("{8BC9CEB8-8B4A-11D0-8D11-00A0C91BC942}") = "Day15", "Day15\Day15.vcxproj", "{1BA0B148-9493-4CF6-A5D2-C9AC0C1347DB}"
EndProject
Project("{8BC9CEB8-8B4A-11D0-8D11-00A0C91BC942}") = "Day16", "Day16\Day16.vcxproj", "{90FAD544-68A3-479A-B6F4-A3A01D617B84}"
EndProject
Project("{8BC9CEB8-8B4A-11D0-8D11-00A0C91BC942}") = "Day17", "Day17\Day17.vcxproj", "{3B57309D-00B0-403F-8302-62CE7D2105BF}"
EndProject
Project("{8BC9CEB8-8B4A-11D0-8D11-00A0C91BC942}") = "Day18", "Day18\Day18.vcxproj", "{B640DE6D-5E2A-4865-9DC6-BEEA910B8580}"
EndProject
Project("{8BC9CEB8-8B4A-11D0-8D11-00A0C91BC942}") = "Day19", "Day19\Day19.vcxproj", "{1AF73D25-0583-430A-8564-F154E636B3D3}"
EndProject
Project("{8BC9CEB8-8B4A-11D0-8D11-00A0C91BC942}") = "Day20", "Day20\Day20.vcxproj", "{056A07E1-5337-4090-8216-A9663CB39E43}"
EndProject
Project("{8BC9CEB8-8B4A-11D0-8D11-00A0C91BC942}") = "Day21", "Day21\Day21.vcxproj", "{0C0CCBDE-B978-4090-8021-F808C9A62142}"
EndProject
Project("{8BC9CEB8-8B4A-11D0-8D11-00A0C91BC942}") = "Day22", "Day22\Day22.vcxproj", "{CDEFA7F2-C95E-4C1D-B76E-53BA06A55DD6}"
EndProject
Project("{8BC9CEB8-8B4A-11D0-8D11-00A0C91BC942}") = "Day23", "Day23\Day23.vcxproj", "{AD357D52-94B4-41E2-8B14-4F1B0BEE6AA3}"
EndProject
Global
	GlobalSection(SolutionConfigurationPlatforms) = preSolution
		Debug|x64 = Debug|x64
		Debug|x86 = Debug|x86
		Release|x64 = Release|x64
		Release|x86 = Release|x86
	EndGlobalSection
	GlobalSection(ProjectConfigurationPlatforms) = postSolution
		{A34F7E6F-64B3-43EB-84E1-BFEF352D9C3E}.Debug|x64.ActiveCfg = Debug|x64
		{A34F7E6F-64B3-43EB-84E1-BFEF352D9C3E}.Debug|x64.Build.0 = Debug|x64
		{A34F7E6F-64B3-43EB-84E1-BFEF352D9C3E}.Debug|x86.ActiveCfg = Debug|Win32
		{A34F7E6F-64B3-43EB-84E1-BFEF352D9C3E}.Debug|x86.Build.0 = Debug|Win32
		{A34F7E6F-64B3-43EB-84E1-BFEF352D9C3E}.Release|x64.ActiveCfg = Release|x64
		{A34F7E6F-64B3-43EB-84E1-BFEF352D9C3E}.Release|x64.Build.0 = Release|x64
		{A34F7E6F-64B3-43EB-84E1-BFEF352D9C3E}.Release|x86.ActiveCfg = Release|Win32
		{A34F7E6F-64B3-43EB-84E1-BFEF352D9C3E}.Release|x86.Build.0 = Release|Win32
		{3EAF41BD-4CF3-4969-A0DD-A032FDC55E56}.Debug|x64.ActiveCfg = Debug|x64
		{3EAF41BD-4CF3-4969-A0DD-A032FDC55E56}.Debug|x64.Build.0 = Debug|x64
		{3EAF41BD-4CF3-4969-A0DD-A032FDC55E56}.Debug|x86.ActiveCfg = Debug|Win32
		{3EAF41BD-4CF3-4969-A0DD-A032FDC55E56}.Debug|x86.Build.0 = Debug|Win32
		{3EAF41BD-4CF3-4969-A0DD-A032FDC55E56}.Release|x64.ActiveCfg = Release|x64
		{3EAF41BD-4CF3-4969-A0DD-A032FDC55E56}.Release|x64.Build.0 = Release|x64
		{3EAF41BD-4CF3-4969-A0DD-A032FDC55E56}.Release|x86.ActiveCfg = Release|Win32
		{3EAF41BD-4CF3-4969-A0DD-A032FDC55E56}.Release|x86.Build.0 = Release|Win32
		{4AF14CB3-9678-461A-B581-8FD30C0BDCEE}.Debug|x64.ActiveCfg = Debug|x64
		{4AF14CB3-9678-461A-B581-8FD30C0BDCEE}.Debug|x64.Build.0 = Debug|x64
		{4AF14CB3-9678-461A-B581-8FD30C0BDCEE}.Debug|x86.ActiveCfg = Debug|Win32
		{4AF14CB3-9678-461A-B581-8FD30C0BDCEE}.Debug|x86.Build.0 = Debug|Win32
		{4AF14CB3-9678-461A-B581-8FD30C0BDCEE}.Release|x64.ActiveCfg = Release|x64
		{4AF14CB3-9678-461A-B581-8FD30C0BDCEE}.Release|x64.Build.0 = Release|x64
		{4AF14CB3-9678-461A-B581-8FD30C0BDCEE}.Release|x86.ActiveCfg = Release|Win32
		{4AF14CB3-9678-461A-B581-8FD30C0BDCEE}.Release|x86.Build.0 = Release|Win32
		{1C2B7D3A-216F-414B-86E3-3EC43F7A96E7}.Debug|x64.ActiveCfg = Debug|x64
		{1C2B7D3A-216F-414B-86E3-3EC43F7A96E7}.Debug|x64.Build.0 = Debug|x64
		{1C2B7D3A-216F-414B-86E3-3EC43F7A96E7}.Debug|x86.ActiveCfg = Debug|Win32
		{1C2B7D3A-216F-414B-86E3-3EC43F7A96E7}.Debug|x86.Build.0 = Debug|Win32
		{1C2B7D3A-216F-414B-86E3-3EC43F7A96E7}.Release|x64.ActiveCfg = Release|x64
		{1C2B7D3A-216F-414B-86E3-3EC43F7A96E7}.Release|x64.Build.0 = Release|x64
		{1C2B7D3A-216F-414B-86E3-3EC43F7A96E7}.Release|x86.ActiveCfg = Release|Win32
		{1C2B7D3A-216F-414B-86E3-3EC43F7A96E7}.Release|x86.Build.0 = Release|Win32
		{BAC20208-EA52-4148-B8CB-68B25415314F}.Debug|x64.ActiveCfg = Debug|x64
		{BAC20208-EA52-4148-B8CB-68B25415314F}.Debug|x64.Build.0 = Debug|x64
		{BAC20208-EA52-4148-B8CB-68B25415314F}.Debug|x86.ActiveCfg = Debug|Win32
		{BAC20208-EA52-4148-B8CB-68B25415314F}.Debug|x86.Build.0 = Debug|Win32
		{BAC20208-EA52-4148-B8CB-68B25415314F}.Release|x64.ActiveCfg = Release|x64
		{BAC20208-EA52-4148-B8CB-68B25415314F}.Release|x64.Build.0 = Release|x64
		{BAC20208-EA52-4148-B8CB-68B25415314F}.Release|x86.ActiveCfg = Release|Win32
		{BAC20208-EA52-4148-B8CB-68B25415314F}.Release|x86.Build.0 = Release|Win32
		{25B2EFAA-F4C1-48EF-BEDE-04C42F472421}.Debug|x64.ActiveCfg = Debug|x64
		{25B2EFAA-F4C1-48EF-BEDE-04C42F472421}.Debug|x64.Build.0 = Debug|x64
		{25B2EFAA-F4C1-48EF-BEDE-04C42F472421}.Debug|x86.ActiveCfg = Debug|Win32
		{25B2EFAA-F4C1-48EF-BEDE-04C42F472421}.Debug|x86.Build.0 = Debug|Win32
		{25B2EFAA-F4C1-48EF-BEDE-04C42F472421}.Release|x64.ActiveCfg = Release|x64
		{25B2EFAA-F4C1-48EF-BEDE-04C42F472421}.Release|x64.Build.0 = Release|x64
		{25B2EFAA-F4C1-48EF-BEDE-04C42F472421}.Release|x86.ActiveCfg = Release|Win32
		{25B2EFAA-F4C1-48EF-BEDE-04C42F472421}.Release|x86.Build.0 = Release|Win32
		{B46C58B9-C14A-4EED-9AF6-A7E6073356DC}.Debug|x64.ActiveCfg = Debug|x64
		{B46C58B9-C14A-4EED-9AF6-A7E6073356DC}.Debug|x64.Build.0 = Debug|x64
		{B46C58B9-C14A-4EED-9AF6-A7E6073356DC}.Debug|x86.ActiveCfg = Debug|Win32
		{B46C58B9-C14A-4EED-9AF6-A7E6073356DC}.Debug|x86.Build.0 = Debug|Win32
		{B46C58B9-C14A-4EED-9AF6-A7E6073356DC}.Release|x64.ActiveCfg = Release|x64
		{B46C58B9-C14A-4EED-9AF6-A7E6073356DC}.Release|x64.Build.0 = Release|x64
		{B46C58B9-C14A-4EED-9AF6-A7E6073356DC}.Release|x86.ActiveCfg = Release|Win32
		{B46C58B9-C14A-4EED-9AF6-A7E6073356DC}.Release|x86.Build.0 = Release|Win32
		{93EAEB6A-716E-4AEA-A55C-1516B85070B2}.Debug|x64.ActiveCfg = Debug|x64
		{93EAEB6A-716E-4AEA-A55C-1516B85070B2}.Debug|x64.Build.0 = Debug|x64
		{93EAEB6A-716E-4AEA-A55C-1516B85070B2}.Debug|x86.ActiveCfg = Debug|Win32
		{93EAEB6A-716E-4AEA-A55C-1516B85070B2}.Debug|x86.Build.0 = Debug|Win32
		{93EAEB6A-716E-4AEA-A55C-1516B85070B2}.Release|x64.ActiveCfg = Release|x64
		{93EAEB6A-716E-4AEA-A55C-1516B85070B2}.Release|x64.Build.0 = Release|x64
		{93EAEB6A-716E-4AEA-A55C-1516B85070B2}.Release|x86.ActiveCfg = Release|Win32
		{93EAEB6A-716E-4AEA-A55C-1516B85070B2}.Release|x86.Build.0 = Release|Win32
		{79091766-096A-47E8-B681-116F9DB84A9B}.Debug|x64.ActiveCfg = Debug|x64
		{79091766-096A-47E8-B681-116F9DB84A9B}.Debug|x64.Build.0 = Debug|x64
		{79091766-096A-47E8-B681-116F9DB84A9B}.Debug|x86.ActiveCfg = Debug|Win32
		{79091766-096A-47E8-B681-116F9DB84A9B}.Debug|x86.Build.0 = Debug|Win32
		{79091766-096A-47E8-B681-116F9DB84A9B}.Release|x64.ActiveCfg = Release|x64
		{79091766-096A-47E8-B681-116F9DB84A9B}.Release|x64.Build.0 = Release|x64
		{79091766-096A-47E8-B681-116F9DB84A9B}.Release|x86.ActiveCfg = Release|Win32
		{79091766-096A-47E8-B681-116F9DB84A9B}.Release|x86.Build.0 = Release|Win32
		{6E7A7B5D-E57F-4304-8399-0CE26C3793EA}.Debug|x64.ActiveCfg = Debug|x64
		{6E7A7B5D-E57F-4304-8399-0CE26C3793EA}.Debug|x64.Build.0 = Debug|x64
		{6E7A7B5D-E57F-4304-8399-0CE26C3793EA}.Debug|x86.ActiveCfg = Debug|Win32
		{6E7A7B5D-E57F-4304-8399-0CE26C3793EA}.Debug|x86.Build.0 = Debug|Win32
		{6E7A7B5D-E57F-4304-8399-0CE26C3793EA}.Release|x64.ActiveCfg = Release|x64
		{6E7A7B5D-E57F-4304-8399-0CE26C3793EA}.Release|x64.Build.0 = Release|x64
		{6E7A7B5D-E57F-4304-8399-0CE26C3793EA}.Release|x86.ActiveCfg = Release|Win32
		{6E7A7B5D-E57F-4304-8399-0CE26C3793EA}.Release|x86.Build.0 = Release|Win32
		{749600EC-D493-45B7-BA84-FD63B11CAAAA}.Debug|x64.ActiveCfg = Debug|x64
		{749600EC-D493-45B7-BA84-FD63B11CAAAA}.Debug|x64.Build.0 = Debug|x64
		{749600EC-D493-45B7-BA84-FD63B11CAAAA}.Debug|x86.ActiveCfg = Debug|Win32
		{749600EC-D493-45B7-BA84-FD63B11CAAAA}.Debug|x86.Build.0 = Debug|Win32
		{749600EC-D493-45B7-BA84-FD63B11CAAAA}.Release|x64.ActiveCfg = Release|x64
		{749600EC-D493-45B7-BA84-FD63B11CAAAA}.Release|x64.Build.0 = Release|x64
		{749600EC-D493-45B7-BA84-FD63B11CAAAA}.Release|x86.ActiveCfg = Release|Win32
		{749600EC-D493-45B7-BA84-FD63B11CAAAA}.Release|x86.Build.0 = Release|Win32
		{BA31847E-2167-4FFD-B48D-E65B14468CD6}.Debug|x64.ActiveCfg = Debug|x64
		{BA31847E-2167-4FFD-B48D-E65B14468CD6}.Debug|x64.Build.0 = Debug|x64
		{BA31847E-2167-4FFD-B48D-E65B14468CD6}.Debug|x86.ActiveCfg = Debug|Win32
		{BA31847E-2167-4FFD-B48D-E65B14468CD6}.Debug|x86.Build.0 = Debug|Win32
		{BA31847E-2167-4FFD-B48D-E65B14468CD6}.Release|x64.ActiveCfg = Release|x64
		{BA31847E-2167-4FFD-B48D-E65B14468CD6}.Release|x64.Build.0 = Release|x64
		{BA31847E-2167-4FFD-B48D-E65B14468CD6}.Release|x86.ActiveCfg = Release|Win32
		{BA31847E-2167-4FFD-B48D-E65B14468CD6}.Release|x86.Build.0 = Release|Win32
		{839986F0-7FD0-41FC-9428-C3BB2BFF67B6}.Debug|x64.ActiveCfg = Debug|x64
		{839986F0-7FD0-41FC-9428-C3BB2BFF67B6}.Debug|x64.Build.0 = Debug|x64
		{839986F0-7FD0-41FC-9428-C3BB2BFF67B6}.Debug|x86.ActiveCfg = Debug|Win32
		{839986F0-7FD0-41FC-9428-C3BB2BFF67B6}.Debug|x86.Build.0 = Debug|Win32
		{839986F0-7FD0-41FC-9428-C3BB2BFF67B6}.Release|x64.ActiveCfg = Release|x64
		{839986F0-7FD0-41FC-9428-C3BB2BFF67B6}.Release|x64.Build.0 = Release|x64
		{839986F0-7FD0-41FC-9428-C3BB2BFF67B6}.Release|x86.ActiveCfg = Release|Win32
		{839986F0-7FD0-41FC-9428-C3BB2BFF67B6}.Release|x86.Build.0 = Release|Win32
		{E21FAF4A-0043-4F2A-8307-33E26DA82F0A}.Debug|x64.ActiveCfg = Debug|x64
		{E21FAF4A-0043-4F2A-8307-33E26DA82F0A}.Debug|x64.Build.0 = Debug|x64
		{E21FAF4A-0043-4F2A-8307-33E26DA82F0A}.Debug|x86.ActiveCfg = Debug|Win32
		{E21FAF4A-0043-4F2A-8307-33E26DA82F0A}.Debug|x86.Build.0 = Debug|Win32
		{E21FAF4A-0043-4F2A-8307-33E26DA82F0A}.Release|x64.ActiveCfg = Release|x64
		{E21FAF4A-0043-4F2A-8307-33E26DA82F0A}.Release|x64.Build.0 = Release|x64
		{E21FAF4A-0043-4F2A-8307-33E26DA82F0A}.Release|x86.ActiveCfg = Release|Win32
		{E21FAF4A-0043-4F2A-8307-33E26DA82F0A}.Release|x86.Build.0 = Release|Win32
		{1BA0B148-9493-4CF6-A5D2-C9AC0C1347DB}.Debug|x64.ActiveCfg = Debug|x64
		{1BA0B148-9493-4CF6-A5D2-C9AC0C1347DB}.Debug|x64.Build.0 = Debug|x64
		{1BA0B148-9493-4CF6-A5D2-C9AC0C1347DB}.Debug|x86.ActiveCfg = Debug|Win32
		{1BA0B148-9493-4CF6-A5D2-C9AC0C1347DB}.Debug|x86.Build.0 = Debug|Win32
		{1BA0B148-9493-4CF6-A5D2-C9AC0C1347DB}.Release|x64.ActiveCfg = Release|x64
		{1BA0B148-9493-4CF6-A5D2-C9AC0C1347DB}.Release|x64.Build.0 = Release|x64
		{1BA0B148-9493-4CF6-A5D2-C9AC0C1347DB}.Release|x86.ActiveCfg = Release|Win32
		{1BA0B148-9493-4CF6-A5D2-C9AC0C1347DB}.Release|x86.Build.0 = Release|Win32
		{90FAD544-68A3-479A-B6F4-A3A01D617B84}.Debug|x64.ActiveCfg = Debug|x64
		{90FAD544-68A3-479A-B6F4-A3A01D617B84}.Debug|x64.Build.0 = Debug|x64
		{90FAD544-68A3-479A-B6F4-A3A01D617B84}.Debug|x86.ActiveCfg = Debug|Win32
		{90FAD544-68A3-479A-B6F4-A3A01D617B84}.Debug|x86.Build.0 = Debug|Win32
		{90FAD544-68A3-479A-B6F4-A3A01D617B84}.Release|x64.ActiveCfg = Release|x64
		{90FAD544-68A3-479A-B6F4-A3A01D617B84}.Release|x64.Build.0 = Release|x64
		{90FAD544-68A3-479A-B6F4-A3A01D617B84}.Release|x86.ActiveCfg = Release|Win32
		{90FAD544-68A3-479A-B6F4-A3A01D617B84}.Release|x86.Build.0 = Release|Win32
		{3B57309D-00B0-403F-8302-62CE7D2105BF}.Debug|x64.ActiveCfg = Debug|x64
		{3B57309D-00B0-403F-8302-62CE7D2105BF}.Debug|x64.Build.0 = Debug|x64
		{3B57309D-00B0-403F-8302-62CE7D2105BF}.Debug|x86.ActiveCfg = Debug|Win32
		{3B57309D-00B0-403F-8302-62CE7D2105BF}.Debug|x86.Build.0 = Debug|Win32
		{3B57309D-00B0-403F-8302-62CE7D2105BF}.Release|x64.ActiveCfg = Release|x64
		{3B57309D-00B0-403F-8302-62CE7D2105BF}.Release|x64.Build.0 = Release|x64
		{3B57309D-00B0-403F-8302-62CE7D2105BF}.Release|x86.ActiveCfg = Release|Win32
		{3B57309D-00B0-403F-8302-62CE7D2105BF}.Release|x86.Build.0 = Release|Win32
		{B640DE6D-5E2A-4865-9DC6-BEEA910B8580}.Debug|x64.ActiveCfg = Debug|x64
		{B640DE6D-5E2A-4865-9DC6-BEEA910B8580}.Debug|x64.Build.0 = Debug|x64
		{B640DE6D-5E2A-4865-9DC6-BEEA910B8580}.Debug|x86.ActiveCfg = Debug|Win32
		{B640DE6D-5E2A-4865-9DC6-BEEA910B8580}.Debug|x86.Build.0 = Debug|Win32
		{B640DE6D-5E2A-4865-9DC6-BEEA910B8580}.Release|x64.ActiveCfg = Release|x64
		{B640DE6D-5E2A-4865-9DC6-BEEA910B8580}.Release|x64.Build.0 = Release|x64
		{B640DE6D-5E2A-4865-9DC6-BEEA910B8580}.Release|x86.ActiveCfg = Release|Win32
		{B640DE6D-5E2A-4865-9DC6-BEEA910B8580}.Release|x86.Build.0 = Release|Win32
		{1AF73D25-0583-430A-8564-F154E636B3D3}.Debug|x64.ActiveCfg = Debug|x64
		{1AF73D25-0583-430A-8564-F154E636B3D3}.Debug|x64.Build.0 = Debug|x64
		{1AF73D25-0583-430A-8564-F154E636B3D3}.Debug|x86.ActiveCfg = Debug|Win32
		{1AF73D25-0583-430A-8564-F154E636B3D3}.Debug|x86.Build.0 = Debug|Win32
		{1AF73D25-0583-430A-8564-F154E636B3D3}.Release|x64.ActiveCfg = Release|x64
		{1AF73D25-0583-430A-8564-F154E636B3D3}.Release|x64.Build.0 = Release|x64
		{1AF73D25-0583-430A-8564-F154E636B3D3}.Release|x86.ActiveCfg = Release|Win32
		{1AF73D25-0583-430A-8564-F154E636B3D3}.Release|x86.Build.0 = Release|Win32
		{056A07E1-5337-4090-8216-A9663CB39E43}.Debug|x64.ActiveCfg = Debug|x64
		{056A07E1-5337-4090-8216-A9663CB39E43}.Debug|x64.Build.0 = Debug|x64
		{056A07E1-5337-4090-8216-A9663CB39E43}.Debug|x86.ActiveCfg = Debug|Win32
		{056A07E1-5337-4090-8216-A9663CB39E43}.Debug|x86.Build.0 = Debug|Win32
		{056A07E1-5337-4090-8216-A9663CB39E43}.Release|x64.ActiveCfg = Release|x64
		{056A07E1-5337-4090-8216-A9663CB39E43}.Release|x64.Build.0 = Release|x64
		{056A07E1-5337-4090-8216-A9663CB39E43}.Release|x86.ActiveCfg = Release|Win32
		{056A07E1-5337-4090-8216-A9663CB39E43}.Release|x86.Build.0 = Release|Win32
		{0C0CCBDE-B978-4090-8021-F808C9A62142}.Debug|x64.ActiveCfg = Debug|x64
		{0C0CCBDE-B978-4090-8021-F808C9A62142}.Debug|x64.Build.0 = Debug|x64
		{0C0CCBDE-B978-4090-8021-F808C9A62142}.Debug|x86.ActiveCfg = Debug|Win32
		{0C0CCBDE-B978-4090-8021-F808C9A62142}.Debug|x86.Build.0 = Debug|Win32
		{0C0CCBDE-B978-4090-8021-F808C9A62142}.Release|x64.ActiveCfg = Release|x64
		{0C0CCBDE-B978-4090-8021-F808C9A62142}.Release|x64.Build.0 = Release|x64
		{0C0CCBDE-B978-4090-8021-F808C9A62142}.Release|x86.ActiveCfg = Release|Win32
		{0C0CCBDE-B978-4090-8021-F808C9A62142}.Release|x86.Build.0 = Release|Win32
		{CDEFA7F2-C95E-4C1D-B76E-53BA06A55DD6}.Debug|x64.ActiveCfg = Debug|x64
		{CDEFA7F2-C95E-4C1D-B76E-53BA06A55DD6}.Debug|x64.Build.0 = Debug|x64
		{CDEFA7F2-C95E-4C1D-B76E-53BA06A55DD6}.Debug|x86.ActiveCfg = Debug|Win32
		{CDEFA7F2-C95E-4C1D-B76E-53BA06A55DD6}.Debug|x86.Build.0 = Debug|Win32
		{CDEFA7F2-C95E-4C1D-B76E-53BA06A55DD6}.Release|x64.ActiveCfg = Release|x64
		{CDEFA7F2-C95E-4C1D-B76E-53BA06A55DD6}.Release|x64.Build.0 = Release|x64
		{CDEFA7F2-C95E-4C1D-B76E-53BA06A55DD6}.Release|x86.ActiveCfg = Release|Win32
		{CDEFA7F2-C95E-4C1D-B76E-53BA06A55DD6}.Release|x86.Build.0 = Release|Win32
		{AD357D52-94B4-41E2-8B14-4F1B0BEE6AA3}.Debug|x64.ActiveCfg = Debug|x64
		{AD357D52-94B4-41E2-8B14-4F1B0BEE6AA3}.Debug|x64.Build.0 = Debug|x64
		{AD357D52-94B4-41E2-8B14-4F1B0BEE6AA3}.Debug|x86.ActiveCfg = Debug|Win32
		{AD357D52-94B4-41E2-8B14-4F1B0BEE6AA3}.Debug|x86.Build.0 = Debug|Win32
		{AD357D52-94B4-41E2-8B14-4F1B0BEE6AA3}.Release|x64.ActiveCfg = Release|x64
		{AD357D52-94B4-41E2-8B14-4F1B0BEE6AA3}.Release|x64.Build.0 = Release|x64
		{AD357D52-94B4-41E2-8B14-4F1B0BEE6AA3}.Release|x86.ActiveCfg = Release|Win32
		{AD357D52-94B4-41E2-8B14-4F1B0BEE6AA3}.Release|x86.Build.0 = Release|Win32
	EndGlobalSection
	GlobalSection(SolutionProperties) = preSolution
		HideSolutionNode = FALSE
	EndGlobalSection
	GlobalSection(ExtensibilityGlobals) = postSolution
		SolutionGuid = {9262C617-3AEC-4DEF-8837-EBE127D3FDC7}
	EndGlobalSection
EndGlobal
