
Microsoft Visual Studio Solution File, Format Version 12.00
# Visual Studio 14
VisualStudioVersion = 14.0.25420.1
MinimumVisualStudioVersion = 10.0.40219.1
Project("{FAE04EC0-301F-11D3-BF4B-00C04F79EFBC}") = "Day01", "Day01\Day01.csproj", "{66F4359C-F18F-4034-BD34-7000AF133BE7}"
EndProject
Project("{FAE04EC0-301F-11D3-BF4B-00C04F79EFBC}") = "Day14", "Day14\Day14.csproj", "{FE4B55C8-F55A-4562-8031-69ACDDAC8510}"
EndProject
Project("{2150E333-8FDC-42A3-9474-1A3956D46DE8}") = "Solution Items", "Solution Items", "{67741DB0-E004-496D-B714-683C27F18FBE}"
	ProjectSection(SolutionItems) = preProject
		README.md = README.md
	EndProjectSection
EndProject
Project("{FAE04EC0-301F-11D3-BF4B-00C04F79EFBC}") = "Day02", "Day02\Day02.csproj", "{0E93293E-9840-4010-83E3-D48506B2B0F0}"
EndProject
Project("{FAE04EC0-301F-11D3-BF4B-00C04F79EFBC}") = "Day03", "Day03\Day03.csproj", "{CC812799-A997-41D0-A376-E3AE5EE13B15}"
EndProject
Project("{FAE04EC0-301F-11D3-BF4B-00C04F79EFBC}") = "Day04", "Day04\Day04.csproj", "{2BA27003-B43A-42ED-A27C-6C54740252FD}"
EndProject
Project("{FAE04EC0-301F-11D3-BF4B-00C04F79EFBC}") = "Day05", "Day05\Day05.csproj", "{8449562D-ECB2-4840-975F-D10D3654EFFC}"
EndProject
Project("{FAE04EC0-301F-11D3-BF4B-00C04F79EFBC}") = "Day06", "Day06\Day06.csproj", "{EB4E7BA9-967E-45CA-9C66-D63EBF1BD43D}"
EndProject
Project("{FAE04EC0-301F-11D3-BF4B-00C04F79EFBC}") = "Day07", "Day07\Day07.csproj", "{759C9A14-A9BB-4384-9D90-1E0FF67C1BD0}"
EndProject
Project("{FAE04EC0-301F-11D3-BF4B-00C04F79EFBC}") = "Day08", "Day08\Day08.csproj", "{FFFDA9C6-E55A-414F-BB11-8A88859C6DD2}"
EndProject
Project("{FAE04EC0-301F-11D3-BF4B-00C04F79EFBC}") = "Day09", "Day09\Day09.csproj", "{727238D6-06A7-44B3-8904-9C0C04A51106}"
EndProject
Global
	GlobalSection(SolutionConfigurationPlatforms) = preSolution
		Debug|Any CPU = Debug|Any CPU
		Release|Any CPU = Release|Any CPU
	EndGlobalSection
	GlobalSection(ProjectConfigurationPlatforms) = postSolution
		{66F4359C-F18F-4034-BD34-7000AF133BE7}.Debug|Any CPU.ActiveCfg = Debug|Any CPU
		{66F4359C-F18F-4034-BD34-7000AF133BE7}.Debug|Any CPU.Build.0 = Debug|Any CPU
		{66F4359C-F18F-4034-BD34-7000AF133BE7}.Release|Any CPU.ActiveCfg = Release|Any CPU
		{66F4359C-F18F-4034-BD34-7000AF133BE7}.Release|Any CPU.Build.0 = Release|Any CPU
		{FE4B55C8-F55A-4562-8031-69ACDDAC8510}.Debug|Any CPU.ActiveCfg = Debug|Any CPU
		{FE4B55C8-F55A-4562-8031-69ACDDAC8510}.Debug|Any CPU.Build.0 = Debug|Any CPU
		{FE4B55C8-F55A-4562-8031-69ACDDAC8510}.Release|Any CPU.ActiveCfg = Release|Any CPU
		{FE4B55C8-F55A-4562-8031-69ACDDAC8510}.Release|Any CPU.Build.0 = Release|Any CPU
		{0E93293E-9840-4010-83E3-D48506B2B0F0}.Debug|Any CPU.ActiveCfg = Debug|Any CPU
		{0E93293E-9840-4010-83E3-D48506B2B0F0}.Debug|Any CPU.Build.0 = Debug|Any CPU
		{0E93293E-9840-4010-83E3-D48506B2B0F0}.Release|Any CPU.ActiveCfg = Release|Any CPU
		{0E93293E-9840-4010-83E3-D48506B2B0F0}.Release|Any CPU.Build.0 = Release|Any CPU
		{CC812799-A997-41D0-A376-E3AE5EE13B15}.Debug|Any CPU.ActiveCfg = Debug|Any CPU
		{CC812799-A997-41D0-A376-E3AE5EE13B15}.Debug|Any CPU.Build.0 = Debug|Any CPU
		{CC812799-A997-41D0-A376-E3AE5EE13B15}.Release|Any CPU.ActiveCfg = Release|Any CPU
		{CC812799-A997-41D0-A376-E3AE5EE13B15}.Release|Any CPU.Build.0 = Release|Any CPU
		{2BA27003-B43A-42ED-A27C-6C54740252FD}.Debug|Any CPU.ActiveCfg = Debug|Any CPU
		{2BA27003-B43A-42ED-A27C-6C54740252FD}.Debug|Any CPU.Build.0 = Debug|Any CPU
		{2BA27003-B43A-42ED-A27C-6C54740252FD}.Release|Any CPU.ActiveCfg = Release|Any CPU
		{2BA27003-B43A-42ED-A27C-6C54740252FD}.Release|Any CPU.Build.0 = Release|Any CPU
		{8449562D-ECB2-4840-975F-D10D3654EFFC}.Debug|Any CPU.ActiveCfg = Debug|Any CPU
		{8449562D-ECB2-4840-975F-D10D3654EFFC}.Debug|Any CPU.Build.0 = Debug|Any CPU
		{8449562D-ECB2-4840-975F-D10D3654EFFC}.Release|Any CPU.ActiveCfg = Release|Any CPU
		{8449562D-ECB2-4840-975F-D10D3654EFFC}.Release|Any CPU.Build.0 = Release|Any CPU
		{EB4E7BA9-967E-45CA-9C66-D63EBF1BD43D}.Debug|Any CPU.ActiveCfg = Debug|Any CPU
		{EB4E7BA9-967E-45CA-9C66-D63EBF1BD43D}.Debug|Any CPU.Build.0 = Debug|Any CPU
		{EB4E7BA9-967E-45CA-9C66-D63EBF1BD43D}.Release|Any CPU.ActiveCfg = Release|Any CPU
		{EB4E7BA9-967E-45CA-9C66-D63EBF1BD43D}.Release|Any CPU.Build.0 = Release|Any CPU
		{759C9A14-A9BB-4384-9D90-1E0FF67C1BD0}.Debug|Any CPU.ActiveCfg = Debug|Any CPU
		{759C9A14-A9BB-4384-9D90-1E0FF67C1BD0}.Debug|Any CPU.Build.0 = Debug|Any CPU
		{759C9A14-A9BB-4384-9D90-1E0FF67C1BD0}.Release|Any CPU.ActiveCfg = Release|Any CPU
		{759C9A14-A9BB-4384-9D90-1E0FF67C1BD0}.Release|Any CPU.Build.0 = Release|Any CPU
		{FFFDA9C6-E55A-414F-BB11-8A88859C6DD2}.Debug|Any CPU.ActiveCfg = Debug|Any CPU
		{FFFDA9C6-E55A-414F-BB11-8A88859C6DD2}.Debug|Any CPU.Build.0 = Debug|Any CPU
		{FFFDA9C6-E55A-414F-BB11-8A88859C6DD2}.Release|Any CPU.ActiveCfg = Release|Any CPU
		{FFFDA9C6-E55A-414F-BB11-8A88859C6DD2}.Release|Any CPU.Build.0 = Release|Any CPU
		{727238D6-06A7-44B3-8904-9C0C04A51106}.Debug|Any CPU.ActiveCfg = Debug|Any CPU
		{727238D6-06A7-44B3-8904-9C0C04A51106}.Debug|Any CPU.Build.0 = Debug|Any CPU
		{727238D6-06A7-44B3-8904-9C0C04A51106}.Release|Any CPU.ActiveCfg = Release|Any CPU
		{727238D6-06A7-44B3-8904-9C0C04A51106}.Release|Any CPU.Build.0 = Release|Any CPU
	EndGlobalSection
	GlobalSection(SolutionProperties) = preSolution
		HideSolutionNode = FALSE
	EndGlobalSection
EndGlobal
