
Microsoft Visual Studio Solution File, Format Version 12.00
# Visual Studio Version 16
VisualStudioVersion = 16.0.29519.181
MinimumVisualStudioVersion = 10.0.40219.1
Project("{8BC9CEB8-8B4A-11D0-8D11-00A0C91BC942}") = "Day01", "Day01\Day01.vcxproj", "{A34F7E6F-64B3-43EB-84E1-BFEF352D9C3E}"
EndProject
Project("{8BC9CEB8-8B4A-11D0-8D11-00A0C91BC942}") = "Day02", "Day02\Day02.vcxproj", "{3EAF41BD-4CF3-4969-A0DD-A032FDC55E56}"
EndProject
Project("{8BC9CEB8-8B4A-11D0-8D11-00A0C91BC942}") = "Day03", "Day03\Day03.vcxproj", "{4AF14CB3-9678-461A-B581-8FD30C0BDCEE}"
EndProject
Global
	GlobalSection(SolutionConfigurationPlatforms) = preSolution
		Debug|x64 = Debug|x64
		Debug|x86 = Debug|x86
		Release|x64 = Release|x64
		Release|x86 = Release|x86
	EndGlobalSection
	GlobalSection(ProjectConfigurationPlatforms) = postSolution
		{A34F7E6F-64B3-43EB-84E1-BFEF352D9C3E}.Debug|x64.ActiveCfg = Debug|x64
		{A34F7E6F-64B3-43EB-84E1-BFEF352D9C3E}.Debug|x64.Build.0 = Debug|x64
		{A34F7E6F-64B3-43EB-84E1-BFEF352D9C3E}.Debug|x86.ActiveCfg = Debug|Win32
		{A34F7E6F-64B3-43EB-84E1-BFEF352D9C3E}.Debug|x86.Build.0 = Debug|Win32
		{A34F7E6F-64B3-43EB-84E1-BFEF352D9C3E}.Release|x64.ActiveCfg = Release|x64
		{A34F7E6F-64B3-43EB-84E1-BFEF352D9C3E}.Release|x64.Build.0 = Release|x64
		{A34F7E6F-64B3-43EB-84E1-BFEF352D9C3E}.Release|x86.ActiveCfg = Release|Win32
		{A34F7E6F-64B3-43EB-84E1-BFEF352D9C3E}.Release|x86.Build.0 = Release|Win32
		{3EAF41BD-4CF3-4969-A0DD-A032FDC55E56}.Debug|x64.ActiveCfg = Debug|x64
		{3EAF41BD-4CF3-4969-A0DD-A032FDC55E56}.Debug|x64.Build.0 = Debug|x64
		{3EAF41BD-4CF3-4969-A0DD-A032FDC55E56}.Debug|x86.ActiveCfg = Debug|Win32
		{3EAF41BD-4CF3-4969-A0DD-A032FDC55E56}.Debug|x86.Build.0 = Debug|Win32
		{3EAF41BD-4CF3-4969-A0DD-A032FDC55E56}.Release|x64.ActiveCfg = Release|x64
		{3EAF41BD-4CF3-4969-A0DD-A032FDC55E56}.Release|x64.Build.0 = Release|x64
		{3EAF41BD-4CF3-4969-A0DD-A032FDC55E56}.Release|x86.ActiveCfg = Release|Win32
		{3EAF41BD-4CF3-4969-A0DD-A032FDC55E56}.Release|x86.Build.0 = Release|Win32
		{4AF14CB3-9678-461A-B581-8FD30C0BDCEE}.Debug|x64.ActiveCfg = Debug|x64
		{4AF14CB3-9678-461A-B581-8FD30C0BDCEE}.Debug|x64.Build.0 = Debug|x64
		{4AF14CB3-9678-461A-B581-8FD30C0BDCEE}.Debug|x86.ActiveCfg = Debug|Win32
		{4AF14CB3-9678-461A-B581-8FD30C0BDCEE}.Debug|x86.Build.0 = Debug|Win32
		{4AF14CB3-9678-461A-B581-8FD30C0BDCEE}.Release|x64.ActiveCfg = Release|x64
		{4AF14CB3-9678-461A-B581-8FD30C0BDCEE}.Release|x64.Build.0 = Release|x64
		{4AF14CB3-9678-461A-B581-8FD30C0BDCEE}.Release|x86.ActiveCfg = Release|Win32
		{4AF14CB3-9678-461A-B581-8FD30C0BDCEE}.Release|x86.Build.0 = Release|Win32
	EndGlobalSection
	GlobalSection(SolutionProperties) = preSolution
		HideSolutionNode = FALSE
	EndGlobalSection
	GlobalSection(ExtensibilityGlobals) = postSolution
		SolutionGuid = {9262C617-3AEC-4DEF-8837-EBE127D3FDC7}
	EndGlobalSection
EndGlobal
