
Microsoft Visual Studio Solution File, Format Version 12.00
# Visual Studio 15
VisualStudioVersion = 15.0.27130.2020
MinimumVisualStudioVersion = 10.0.40219.1
Project("{FAE04EC0-301F-11D3-BF4B-00C04F79EFBC}") = "Day01", "Day01\Day01.csproj", "{DFDD4F08-E6C8-45F3-8563-79318B9921C9}"
EndProject
Project("{FAE04EC0-301F-11D3-BF4B-00C04F79EFBC}") = "Day02", "Day02\Day02.csproj", "{78406A73-4B56-4ADE-A60D-69A49E826283}"
EndProject
Project("{FAE04EC0-301F-11D3-BF4B-00C04F79EFBC}") = "Day03", "Day03\Day03.csproj", "{0AD86297-5031-4D7F-85EB-CFAFCF7EC493}"
EndProject
Project("{FAE04EC0-301F-11D3-BF4B-00C04F79EFBC}") = "Day04", "Day04\Day04.csproj", "{C03258CD-D972-4BF2-BFD3-73E730923C41}"
EndProject
Project("{FAE04EC0-301F-11D3-BF4B-00C04F79EFBC}") = "Day05", "Day05\Day05.csproj", "{83E4FA31-CD41-4411-8C6C-B50AE0545140}"
EndProject
Project("{FAE04EC0-301F-11D3-BF4B-00C04F79EFBC}") = "Day06", "Day06\Day06.csproj", "{A8A336D0-8486-42C8-B86D-516CB47E736F}"
EndProject
Project("{FAE04EC0-301F-11D3-BF4B-00C04F79EFBC}") = "Day07", "Day07\Day07.csproj", "{3FE8D657-5CCD-4990-B8DC-A7FAE626D9DE}"
EndProject
Project("{FAE04EC0-301F-11D3-BF4B-00C04F79EFBC}") = "Day08", "Day08\Day08.csproj", "{AF2EDB95-F574-446B-9CA0-648F6DD4063D}"
EndProject
Project("{FAE04EC0-301F-11D3-BF4B-00C04F79EFBC}") = "Day09", "Day09\Day09.csproj", "{91E59BD0-8D0F-4675-83E2-557C945523A7}"
EndProject
Project("{FAE04EC0-301F-11D3-BF4B-00C04F79EFBC}") = "Day10", "Day10\Day10.csproj", "{225EC373-B930-4641-9F6D-9145494DDBB2}"
EndProject
Project("{FAE04EC0-301F-11D3-BF4B-00C04F79EFBC}") = "Day11", "Day11\Day11.csproj", "{48ED4656-5B8F-4BFC-BE0B-799A2D047398}"
EndProject
Project("{FAE04EC0-301F-11D3-BF4B-00C04F79EFBC}") = "Day12", "Day12\Day12.csproj", "{5DC444BC-A919-45BA-85EB-8AEA3FABF7CE}"
EndProject
Project("{FAE04EC0-301F-11D3-BF4B-00C04F79EFBC}") = "Day13", "Day13\Day13.csproj", "{68757B70-D872-43B7-8500-97AF59B4C639}"
EndProject
Project("{FAE04EC0-301F-11D3-BF4B-00C04F79EFBC}") = "Day14", "Day14\Day14.csproj", "{13ED18FC-8ED1-41D1-A886-84CB33120109}"
EndProject
Project("{FAE04EC0-301F-11D3-BF4B-00C04F79EFBC}") = "Day15", "Day15\Day15.csproj", "{0F78462D-5627-4BCD-8061-F07AEECB1616}"
EndProject
Project("{FAE04EC0-301F-11D3-BF4B-00C04F79EFBC}") = "Day16", "Day16\Day16.csproj", "{73E210C8-D681-413D-AD83-553ECAC0B834}"
EndProject
Project("{FAE04EC0-301F-11D3-BF4B-00C04F79EFBC}") = "Day17", "Day17\Day17.csproj", "{EB601A14-510B-4E02-B881-993995A5A372}"
EndProject
Global
	GlobalSection(SolutionConfigurationPlatforms) = preSolution
		Debug|Any CPU = Debug|Any CPU
		Debug|x64 = Debug|x64
		Release|Any CPU = Release|Any CPU
		Release|x64 = Release|x64
	EndGlobalSection
	GlobalSection(ProjectConfigurationPlatforms) = postSolution
		{DFDD4F08-E6C8-45F3-8563-79318B9921C9}.Debug|Any CPU.ActiveCfg = Debug|Any CPU
		{DFDD4F08-E6C8-45F3-8563-79318B9921C9}.Debug|Any CPU.Build.0 = Debug|Any CPU
		{DFDD4F08-E6C8-45F3-8563-79318B9921C9}.Debug|x64.ActiveCfg = Debug|Any CPU
		{DFDD4F08-E6C8-45F3-8563-79318B9921C9}.Debug|x64.Build.0 = Debug|Any CPU
		{DFDD4F08-E6C8-45F3-8563-79318B9921C9}.Release|Any CPU.ActiveCfg = Release|Any CPU
		{DFDD4F08-E6C8-45F3-8563-79318B9921C9}.Release|Any CPU.Build.0 = Release|Any CPU
		{DFDD4F08-E6C8-45F3-8563-79318B9921C9}.Release|x64.ActiveCfg = Release|Any CPU
		{DFDD4F08-E6C8-45F3-8563-79318B9921C9}.Release|x64.Build.0 = Release|Any CPU
		{78406A73-4B56-4ADE-A60D-69A49E826283}.Debug|Any CPU.ActiveCfg = Debug|Any CPU
		{78406A73-4B56-4ADE-A60D-69A49E826283}.Debug|Any CPU.Build.0 = Debug|Any CPU
		{78406A73-4B56-4ADE-A60D-69A49E826283}.Debug|x64.ActiveCfg = Debug|Any CPU
		{78406A73-4B56-4ADE-A60D-69A49E826283}.Debug|x64.Build.0 = Debug|Any CPU
		{78406A73-4B56-4ADE-A60D-69A49E826283}.Release|Any CPU.ActiveCfg = Release|Any CPU
		{78406A73-4B56-4ADE-A60D-69A49E826283}.Release|Any CPU.Build.0 = Release|Any CPU
		{78406A73-4B56-4ADE-A60D-69A49E826283}.Release|x64.ActiveCfg = Release|Any CPU
		{78406A73-4B56-4ADE-A60D-69A49E826283}.Release|x64.Build.0 = Release|Any CPU
		{0AD86297-5031-4D7F-85EB-CFAFCF7EC493}.Debug|Any CPU.ActiveCfg = Debug|Any CPU
		{0AD86297-5031-4D7F-85EB-CFAFCF7EC493}.Debug|Any CPU.Build.0 = Debug|Any CPU
		{0AD86297-5031-4D7F-85EB-CFAFCF7EC493}.Debug|x64.ActiveCfg = Debug|Any CPU
		{0AD86297-5031-4D7F-85EB-CFAFCF7EC493}.Debug|x64.Build.0 = Debug|Any CPU
		{0AD86297-5031-4D7F-85EB-CFAFCF7EC493}.Release|Any CPU.ActiveCfg = Release|Any CPU
		{0AD86297-5031-4D7F-85EB-CFAFCF7EC493}.Release|Any CPU.Build.0 = Release|Any CPU
		{0AD86297-5031-4D7F-85EB-CFAFCF7EC493}.Release|x64.ActiveCfg = Release|Any CPU
		{0AD86297-5031-4D7F-85EB-CFAFCF7EC493}.Release|x64.Build.0 = Release|Any CPU
		{C03258CD-D972-4BF2-BFD3-73E730923C41}.Debug|Any CPU.ActiveCfg = Debug|Any CPU
		{C03258CD-D972-4BF2-BFD3-73E730923C41}.Debug|Any CPU.Build.0 = Debug|Any CPU
		{C03258CD-D972-4BF2-BFD3-73E730923C41}.Debug|x64.ActiveCfg = Debug|Any CPU
		{C03258CD-D972-4BF2-BFD3-73E730923C41}.Debug|x64.Build.0 = Debug|Any CPU
		{C03258CD-D972-4BF2-BFD3-73E730923C41}.Release|Any CPU.ActiveCfg = Release|Any CPU
		{C03258CD-D972-4BF2-BFD3-73E730923C41}.Release|Any CPU.Build.0 = Release|Any CPU
		{C03258CD-D972-4BF2-BFD3-73E730923C41}.Release|x64.ActiveCfg = Release|Any CPU
		{C03258CD-D972-4BF2-BFD3-73E730923C41}.Release|x64.Build.0 = Release|Any CPU
		{83E4FA31-CD41-4411-8C6C-B50AE0545140}.Debug|Any CPU.ActiveCfg = Debug|Any CPU
		{83E4FA31-CD41-4411-8C6C-B50AE0545140}.Debug|Any CPU.Build.0 = Debug|Any CPU
		{83E4FA31-CD41-4411-8C6C-B50AE0545140}.Debug|x64.ActiveCfg = Debug|Any CPU
		{83E4FA31-CD41-4411-8C6C-B50AE0545140}.Debug|x64.Build.0 = Debug|Any CPU
		{83E4FA31-CD41-4411-8C6C-B50AE0545140}.Release|Any CPU.ActiveCfg = Release|Any CPU
		{83E4FA31-CD41-4411-8C6C-B50AE0545140}.Release|Any CPU.Build.0 = Release|Any CPU
		{83E4FA31-CD41-4411-8C6C-B50AE0545140}.Release|x64.ActiveCfg = Release|Any CPU
		{83E4FA31-CD41-4411-8C6C-B50AE0545140}.Release|x64.Build.0 = Release|Any CPU
		{A8A336D0-8486-42C8-B86D-516CB47E736F}.Debug|Any CPU.ActiveCfg = Debug|Any CPU
		{A8A336D0-8486-42C8-B86D-516CB47E736F}.Debug|Any CPU.Build.0 = Debug|Any CPU
		{A8A336D0-8486-42C8-B86D-516CB47E736F}.Debug|x64.ActiveCfg = Debug|Any CPU
		{A8A336D0-8486-42C8-B86D-516CB47E736F}.Debug|x64.Build.0 = Debug|Any CPU
		{A8A336D0-8486-42C8-B86D-516CB47E736F}.Release|Any CPU.ActiveCfg = Release|Any CPU
		{A8A336D0-8486-42C8-B86D-516CB47E736F}.Release|Any CPU.Build.0 = Release|Any CPU
		{A8A336D0-8486-42C8-B86D-516CB47E736F}.Release|x64.ActiveCfg = Release|Any CPU
		{A8A336D0-8486-42C8-B86D-516CB47E736F}.Release|x64.Build.0 = Release|Any CPU
		{3FE8D657-5CCD-4990-B8DC-A7FAE626D9DE}.Debug|Any CPU.ActiveCfg = Debug|Any CPU
		{3FE8D657-5CCD-4990-B8DC-A7FAE626D9DE}.Debug|Any CPU.Build.0 = Debug|Any CPU
		{3FE8D657-5CCD-4990-B8DC-A7FAE626D9DE}.Debug|x64.ActiveCfg = Debug|Any CPU
		{3FE8D657-5CCD-4990-B8DC-A7FAE626D9DE}.Debug|x64.Build.0 = Debug|Any CPU
		{3FE8D657-5CCD-4990-B8DC-A7FAE626D9DE}.Release|Any CPU.ActiveCfg = Release|Any CPU
		{3FE8D657-5CCD-4990-B8DC-A7FAE626D9DE}.Release|Any CPU.Build.0 = Release|Any CPU
		{3FE8D657-5CCD-4990-B8DC-A7FAE626D9DE}.Release|x64.ActiveCfg = Release|Any CPU
		{3FE8D657-5CCD-4990-B8DC-A7FAE626D9DE}.Release|x64.Build.0 = Release|Any CPU
		{AF2EDB95-F574-446B-9CA0-648F6DD4063D}.Debug|Any CPU.ActiveCfg = Debug|Any CPU
		{AF2EDB95-F574-446B-9CA0-648F6DD4063D}.Debug|Any CPU.Build.0 = Debug|Any CPU
		{AF2EDB95-F574-446B-9CA0-648F6DD4063D}.Debug|x64.ActiveCfg = Debug|Any CPU
		{AF2EDB95-F574-446B-9CA0-648F6DD4063D}.Debug|x64.Build.0 = Debug|Any CPU
		{AF2EDB95-F574-446B-9CA0-648F6DD4063D}.Release|Any CPU.ActiveCfg = Release|Any CPU
		{AF2EDB95-F574-446B-9CA0-648F6DD4063D}.Release|Any CPU.Build.0 = Release|Any CPU
		{AF2EDB95-F574-446B-9CA0-648F6DD4063D}.Release|x64.ActiveCfg = Release|Any CPU
		{AF2EDB95-F574-446B-9CA0-648F6DD4063D}.Release|x64.Build.0 = Release|Any CPU
		{91E59BD0-8D0F-4675-83E2-557C945523A7}.Debug|Any CPU.ActiveCfg = Debug|Any CPU
		{91E59BD0-8D0F-4675-83E2-557C945523A7}.Debug|Any CPU.Build.0 = Debug|Any CPU
		{91E59BD0-8D0F-4675-83E2-557C945523A7}.Debug|x64.ActiveCfg = Debug|Any CPU
		{91E59BD0-8D0F-4675-83E2-557C945523A7}.Debug|x64.Build.0 = Debug|Any CPU
		{91E59BD0-8D0F-4675-83E2-557C945523A7}.Release|Any CPU.ActiveCfg = Release|Any CPU
		{91E59BD0-8D0F-4675-83E2-557C945523A7}.Release|Any CPU.Build.0 = Release|Any CPU
		{91E59BD0-8D0F-4675-83E2-557C945523A7}.Release|x64.ActiveCfg = Release|Any CPU
		{91E59BD0-8D0F-4675-83E2-557C945523A7}.Release|x64.Build.0 = Release|Any CPU
		{225EC373-B930-4641-9F6D-9145494DDBB2}.Debug|Any CPU.ActiveCfg = Debug|Any CPU
		{225EC373-B930-4641-9F6D-9145494DDBB2}.Debug|Any CPU.Build.0 = Debug|Any CPU
		{225EC373-B930-4641-9F6D-9145494DDBB2}.Debug|x64.ActiveCfg = Debug|Any CPU
		{225EC373-B930-4641-9F6D-9145494DDBB2}.Debug|x64.Build.0 = Debug|Any CPU
		{225EC373-B930-4641-9F6D-9145494DDBB2}.Release|Any CPU.ActiveCfg = Release|Any CPU
		{225EC373-B930-4641-9F6D-9145494DDBB2}.Release|Any CPU.Build.0 = Release|Any CPU
		{225EC373-B930-4641-9F6D-9145494DDBB2}.Release|x64.ActiveCfg = Release|Any CPU
		{225EC373-B930-4641-9F6D-9145494DDBB2}.Release|x64.Build.0 = Release|Any CPU
		{48ED4656-5B8F-4BFC-BE0B-799A2D047398}.Debug|Any CPU.ActiveCfg = Debug|Any CPU
		{48ED4656-5B8F-4BFC-BE0B-799A2D047398}.Debug|Any CPU.Build.0 = Debug|Any CPU
		{48ED4656-5B8F-4BFC-BE0B-799A2D047398}.Debug|x64.ActiveCfg = Debug|Any CPU
		{48ED4656-5B8F-4BFC-BE0B-799A2D047398}.Debug|x64.Build.0 = Debug|Any CPU
		{48ED4656-5B8F-4BFC-BE0B-799A2D047398}.Release|Any CPU.ActiveCfg = Release|Any CPU
		{48ED4656-5B8F-4BFC-BE0B-799A2D047398}.Release|Any CPU.Build.0 = Release|Any CPU
		{48ED4656-5B8F-4BFC-BE0B-799A2D047398}.Release|x64.ActiveCfg = Release|Any CPU
		{48ED4656-5B8F-4BFC-BE0B-799A2D047398}.Release|x64.Build.0 = Release|Any CPU
		{5DC444BC-A919-45BA-85EB-8AEA3FABF7CE}.Debug|Any CPU.ActiveCfg = Debug|Any CPU
		{5DC444BC-A919-45BA-85EB-8AEA3FABF7CE}.Debug|Any CPU.Build.0 = Debug|Any CPU
		{5DC444BC-A919-45BA-85EB-8AEA3FABF7CE}.Debug|x64.ActiveCfg = Debug|Any CPU
		{5DC444BC-A919-45BA-85EB-8AEA3FABF7CE}.Debug|x64.Build.0 = Debug|Any CPU
		{5DC444BC-A919-45BA-85EB-8AEA3FABF7CE}.Release|Any CPU.ActiveCfg = Release|Any CPU
		{5DC444BC-A919-45BA-85EB-8AEA3FABF7CE}.Release|Any CPU.Build.0 = Release|Any CPU
		{5DC444BC-A919-45BA-85EB-8AEA3FABF7CE}.Release|x64.ActiveCfg = Release|Any CPU
		{5DC444BC-A919-45BA-85EB-8AEA3FABF7CE}.Release|x64.Build.0 = Release|Any CPU
		{68757B70-D872-43B7-8500-97AF59B4C639}.Debug|Any CPU.ActiveCfg = Debug|Any CPU
		{68757B70-D872-43B7-8500-97AF59B4C639}.Debug|Any CPU.Build.0 = Debug|Any CPU
		{68757B70-D872-43B7-8500-97AF59B4C639}.Debug|x64.ActiveCfg = Debug|Any CPU
		{68757B70-D872-43B7-8500-97AF59B4C639}.Debug|x64.Build.0 = Debug|Any CPU
		{68757B70-D872-43B7-8500-97AF59B4C639}.Release|Any CPU.ActiveCfg = Release|Any CPU
		{68757B70-D872-43B7-8500-97AF59B4C639}.Release|Any CPU.Build.0 = Release|Any CPU
		{68757B70-D872-43B7-8500-97AF59B4C639}.Release|x64.ActiveCfg = Release|Any CPU
		{68757B70-D872-43B7-8500-97AF59B4C639}.Release|x64.Build.0 = Release|Any CPU
		{13ED18FC-8ED1-41D1-A886-84CB33120109}.Debug|Any CPU.ActiveCfg = Debug|Any CPU
		{13ED18FC-8ED1-41D1-A886-84CB33120109}.Debug|Any CPU.Build.0 = Debug|Any CPU
		{13ED18FC-8ED1-41D1-A886-84CB33120109}.Debug|x64.ActiveCfg = Debug|Any CPU
		{13ED18FC-8ED1-41D1-A886-84CB33120109}.Debug|x64.Build.0 = Debug|Any CPU
		{13ED18FC-8ED1-41D1-A886-84CB33120109}.Release|Any CPU.ActiveCfg = Release|Any CPU
		{13ED18FC-8ED1-41D1-A886-84CB33120109}.Release|Any CPU.Build.0 = Release|Any CPU
		{13ED18FC-8ED1-41D1-A886-84CB33120109}.Release|x64.ActiveCfg = Release|Any CPU
		{13ED18FC-8ED1-41D1-A886-84CB33120109}.Release|x64.Build.0 = Release|Any CPU
		{0F78462D-5627-4BCD-8061-F07AEECB1616}.Debug|Any CPU.ActiveCfg = Debug|Any CPU
		{0F78462D-5627-4BCD-8061-F07AEECB1616}.Debug|Any CPU.Build.0 = Debug|Any CPU
		{0F78462D-5627-4BCD-8061-F07AEECB1616}.Debug|x64.ActiveCfg = Debug|Any CPU
		{0F78462D-5627-4BCD-8061-F07AEECB1616}.Debug|x64.Build.0 = Debug|Any CPU
		{0F78462D-5627-4BCD-8061-F07AEECB1616}.Release|Any CPU.ActiveCfg = Release|Any CPU
		{0F78462D-5627-4BCD-8061-F07AEECB1616}.Release|Any CPU.Build.0 = Release|Any CPU
		{0F78462D-5627-4BCD-8061-F07AEECB1616}.Release|x64.ActiveCfg = Release|Any CPU
		{0F78462D-5627-4BCD-8061-F07AEECB1616}.Release|x64.Build.0 = Release|Any CPU
		{73E210C8-D681-413D-AD83-553ECAC0B834}.Debug|Any CPU.ActiveCfg = Debug|Any CPU
		{73E210C8-D681-413D-AD83-553ECAC0B834}.Debug|Any CPU.Build.0 = Debug|Any CPU
		{73E210C8-D681-413D-AD83-553ECAC0B834}.Debug|x64.ActiveCfg = Release|x64
		{73E210C8-D681-413D-AD83-553ECAC0B834}.Debug|x64.Build.0 = Release|x64
		{73E210C8-D681-413D-AD83-553ECAC0B834}.Release|Any CPU.ActiveCfg = Release|Any CPU
		{73E210C8-D681-413D-AD83-553ECAC0B834}.Release|Any CPU.Build.0 = Release|Any CPU
		{73E210C8-D681-413D-AD83-553ECAC0B834}.Release|x64.ActiveCfg = Release|x64
		{73E210C8-D681-413D-AD83-553ECAC0B834}.Release|x64.Build.0 = Release|x64
		{EB601A14-510B-4E02-B881-993995A5A372}.Debug|Any CPU.ActiveCfg = Debug|Any CPU
		{EB601A14-510B-4E02-B881-993995A5A372}.Debug|Any CPU.Build.0 = Debug|Any CPU
		{EB601A14-510B-4E02-B881-993995A5A372}.Debug|x64.ActiveCfg = Debug|Any CPU
		{EB601A14-510B-4E02-B881-993995A5A372}.Debug|x64.Build.0 = Debug|Any CPU
		{EB601A14-510B-4E02-B881-993995A5A372}.Release|Any CPU.ActiveCfg = Release|Any CPU
		{EB601A14-510B-4E02-B881-993995A5A372}.Release|Any CPU.Build.0 = Release|Any CPU
		{EB601A14-510B-4E02-B881-993995A5A372}.Release|x64.ActiveCfg = Release|Any CPU
		{EB601A14-510B-4E02-B881-993995A5A372}.Release|x64.Build.0 = Release|Any CPU
	EndGlobalSection
	GlobalSection(SolutionProperties) = preSolution
		HideSolutionNode = FALSE
	EndGlobalSection
	GlobalSection(ExtensibilityGlobals) = postSolution
		SolutionGuid = {76AF0CDA-9D11-4EE6-AB5B-713EE56469F6}
	EndGlobalSection
EndGlobal
