
Microsoft Visual Studio Solution File, Format Version 12.00
# Visual Studio Version 16
VisualStudioVersion = 16.0.29519.87
MinimumVisualStudioVersion = 10.0.40219.1
Project("{8BC9CEB8-8B4A-11D0-8D11-00A0C91BC942}") = "Day01", "Day01\Day01.vcxproj", "{BC2AAD72-6C41-4E41-ADF8-591F40BB1BE9}"
EndProject
Project("{8BC9CEB8-8B4A-11D0-8D11-00A0C91BC942}") = "Day02", "Day02\Day02.vcxproj", "{F716C825-5FD0-40B8-9B76-48B315A17D01}"
EndProject
Project("{8BC9CEB8-8B4A-11D0-8D11-00A0C91BC942}") = "Day03", "Day03\Day03.vcxproj", "{0867F9DE-7263-4D31-A4C6-48E231B5BF45}"
EndProject
Project("{8BC9CEB8-8B4A-11D0-8D11-00A0C91BC942}") = "Day04", "Day04\Day04.vcxproj", "{734766CE-AEA5-47F9-8DF8-212696306703}"
EndProject
Project("{8BC9CEB8-8B4A-11D0-8D11-00A0C91BC942}") = "Day05", "Day05\Day05.vcxproj", "{DB6F2B4D-9A61-48B0-9A61-B7BC7A6A2B00}"
EndProject
Project("{8BC9CEB8-8B4A-11D0-8D11-00A0C91BC942}") = "Day06", "Day06\Day06.vcxproj", "{55C4F7F2-9F65-4A6D-B993-B2E692D1EED8}"
EndProject
Project("{8BC9CEB8-8B4A-11D0-8D11-00A0C91BC942}") = "Day07", "Day07\Day07.vcxproj", "{205C553A-B701-45EB-B57D-EB0506781A1F}"
EndProject
Project("{8BC9CEB8-8B4A-11D0-8D11-00A0C91BC942}") = "Day08", "Day08\Day08.vcxproj", "{34C75FAD-AA6F-4DEE-825F-D276FE5D562F}"
EndProject
Project("{8BC9CEB8-8B4A-11D0-8D11-00A0C91BC942}") = "Day09", "Day09\Day09.vcxproj", "{E429C519-24EA-43F8-B260-314692B32FA8}"
EndProject
Project("{8BC9CEB8-8B4A-11D0-8D11-00A0C91BC942}") = "Day10", "Day10\Day10.vcxproj", "{5093E33A-428A-48A9-AE3A-C9373C0CECF0}"
EndProject
Project("{8BC9CEB8-8B4A-11D0-8D11-00A0C91BC942}") = "Day10_Tests", "Day10_Tests\Day10_Tests.vcxproj", "{C2918A4E-5F51-454A-ACFC-B3C6049DDB65}"
EndProject
Project("{8BC9CEB8-8B4A-11D0-8D11-00A0C91BC942}") = "Day11", "Day11\Day11.vcxproj", "{1926FA22-381D-4714-8623-14553BA8D46A}"
EndProject
Project("{8BC9CEB8-8B4A-11D0-8D11-00A0C91BC942}") = "Day12", "Day12\Day12.vcxproj", "{4DE284A6-896C-4303-8BAE-F05C0277AF87}"
EndProject
Project("{8BC9CEB8-8B4A-11D0-8D11-00A0C91BC942}") = "Day13", "Day13\Day13.vcxproj", "{83772489-66E2-4082-9E4D-80BDE6DE4858}"
EndProject
Project("{8BC9CEB8-8B4A-11D0-8D11-00A0C91BC942}") = "Day14", "Day14\Day14.vcxproj", "{C1456FDE-EE68-4573-A749-871FCADBADDE}"
EndProject
Global
	GlobalSection(SolutionConfigurationPlatforms) = preSolution
		Debug|x64 = Debug|x64
		Debug|x86 = Debug|x86
		Release|x64 = Release|x64
		Release|x86 = Release|x86
	EndGlobalSection
	GlobalSection(ProjectConfigurationPlatforms) = postSolution
		{BC2AAD72-6C41-4E41-ADF8-591F40BB1BE9}.Debug|x64.ActiveCfg = Debug|x64
		{BC2AAD72-6C41-4E41-ADF8-591F40BB1BE9}.Debug|x64.Build.0 = Debug|x64
		{BC2AAD72-6C41-4E41-ADF8-591F40BB1BE9}.Debug|x86.ActiveCfg = Debug|Win32
		{BC2AAD72-6C41-4E41-ADF8-591F40BB1BE9}.Debug|x86.Build.0 = Debug|Win32
		{BC2AAD72-6C41-4E41-ADF8-591F40BB1BE9}.Release|x64.ActiveCfg = Release|x64
		{BC2AAD72-6C41-4E41-ADF8-591F40BB1BE9}.Release|x64.Build.0 = Release|x64
		{BC2AAD72-6C41-4E41-ADF8-591F40BB1BE9}.Release|x86.ActiveCfg = Release|Win32
		{BC2AAD72-6C41-4E41-ADF8-591F40BB1BE9}.Release|x86.Build.0 = Release|Win32
		{F716C825-5FD0-40B8-9B76-48B315A17D01}.Debug|x64.ActiveCfg = Debug|x64
		{F716C825-5FD0-40B8-9B76-48B315A17D01}.Debug|x64.Build.0 = Debug|x64
		{F716C825-5FD0-40B8-9B76-48B315A17D01}.Debug|x86.ActiveCfg = Debug|Win32
		{F716C825-5FD0-40B8-9B76-48B315A17D01}.Debug|x86.Build.0 = Debug|Win32
		{F716C825-5FD0-40B8-9B76-48B315A17D01}.Release|x64.ActiveCfg = Release|x64
		{F716C825-5FD0-40B8-9B76-48B315A17D01}.Release|x64.Build.0 = Release|x64
		{F716C825-5FD0-40B8-9B76-48B315A17D01}.Release|x86.ActiveCfg = Release|Win32
		{F716C825-5FD0-40B8-9B76-48B315A17D01}.Release|x86.Build.0 = Release|Win32
		{0867F9DE-7263-4D31-A4C6-48E231B5BF45}.Debug|x64.ActiveCfg = Debug|x64
		{0867F9DE-7263-4D31-A4C6-48E231B5BF45}.Debug|x64.Build.0 = Debug|x64
		{0867F9DE-7263-4D31-A4C6-48E231B5BF45}.Debug|x86.ActiveCfg = Debug|Win32
		{0867F9DE-7263-4D31-A4C6-48E231B5BF45}.Debug|x86.Build.0 = Debug|Win32
		{0867F9DE-7263-4D31-A4C6-48E231B5BF45}.Release|x64.ActiveCfg = Release|x64
		{0867F9DE-7263-4D31-A4C6-48E231B5BF45}.Release|x64.Build.0 = Release|x64
		{0867F9DE-7263-4D31-A4C6-48E231B5BF45}.Release|x86.ActiveCfg = Release|Win32
		{0867F9DE-7263-4D31-A4C6-48E231B5BF45}.Release|x86.Build.0 = Release|Win32
		{734766CE-AEA5-47F9-8DF8-212696306703}.Debug|x64.ActiveCfg = Debug|x64
		{734766CE-AEA5-47F9-8DF8-212696306703}.Debug|x64.Build.0 = Debug|x64
		{734766CE-AEA5-47F9-8DF8-212696306703}.Debug|x86.ActiveCfg = Debug|Win32
		{734766CE-AEA5-47F9-8DF8-212696306703}.Debug|x86.Build.0 = Debug|Win32
		{734766CE-AEA5-47F9-8DF8-212696306703}.Release|x64.ActiveCfg = Release|x64
		{734766CE-AEA5-47F9-8DF8-212696306703}.Release|x64.Build.0 = Release|x64
		{734766CE-AEA5-47F9-8DF8-212696306703}.Release|x86.ActiveCfg = Release|Win32
		{734766CE-AEA5-47F9-8DF8-212696306703}.Release|x86.Build.0 = Release|Win32
		{DB6F2B4D-9A61-48B0-9A61-B7BC7A6A2B00}.Debug|x64.ActiveCfg = Debug|x64
		{DB6F2B4D-9A61-48B0-9A61-B7BC7A6A2B00}.Debug|x64.Build.0 = Debug|x64
		{DB6F2B4D-9A61-48B0-9A61-B7BC7A6A2B00}.Debug|x86.ActiveCfg = Debug|Win32
		{DB6F2B4D-9A61-48B0-9A61-B7BC7A6A2B00}.Debug|x86.Build.0 = Debug|Win32
		{DB6F2B4D-9A61-48B0-9A61-B7BC7A6A2B00}.Release|x64.ActiveCfg = Release|x64
		{DB6F2B4D-9A61-48B0-9A61-B7BC7A6A2B00}.Release|x64.Build.0 = Release|x64
		{DB6F2B4D-9A61-48B0-9A61-B7BC7A6A2B00}.Release|x86.ActiveCfg = Release|Win32
		{DB6F2B4D-9A61-48B0-9A61-B7BC7A6A2B00}.Release|x86.Build.0 = Release|Win32
		{55C4F7F2-9F65-4A6D-B993-B2E692D1EED8}.Debug|x64.ActiveCfg = Debug|x64
		{55C4F7F2-9F65-4A6D-B993-B2E692D1EED8}.Debug|x64.Build.0 = Debug|x64
		{55C4F7F2-9F65-4A6D-B993-B2E692D1EED8}.Debug|x86.ActiveCfg = Debug|Win32
		{55C4F7F2-9F65-4A6D-B993-B2E692D1EED8}.Debug|x86.Build.0 = Debug|Win32
		{55C4F7F2-9F65-4A6D-B993-B2E692D1EED8}.Release|x64.ActiveCfg = Release|x64
		{55C4F7F2-9F65-4A6D-B993-B2E692D1EED8}.Release|x64.Build.0 = Release|x64
		{55C4F7F2-9F65-4A6D-B993-B2E692D1EED8}.Release|x86.ActiveCfg = Release|Win32
		{55C4F7F2-9F65-4A6D-B993-B2E692D1EED8}.Release|x86.Build.0 = Release|Win32
		{205C553A-B701-45EB-B57D-EB0506781A1F}.Debug|x64.ActiveCfg = Debug|x64
		{205C553A-B701-45EB-B57D-EB0506781A1F}.Debug|x64.Build.0 = Debug|x64
		{205C553A-B701-45EB-B57D-EB0506781A1F}.Debug|x86.ActiveCfg = Debug|Win32
		{205C553A-B701-45EB-B57D-EB0506781A1F}.Debug|x86.Build.0 = Debug|Win32
		{205C553A-B701-45EB-B57D-EB0506781A1F}.Release|x64.ActiveCfg = Release|x64
		{205C553A-B701-45EB-B57D-EB0506781A1F}.Release|x64.Build.0 = Release|x64
		{205C553A-B701-45EB-B57D-EB0506781A1F}.Release|x86.ActiveCfg = Release|Win32
		{205C553A-B701-45EB-B57D-EB0506781A1F}.Release|x86.Build.0 = Release|Win32
		{34C75FAD-AA6F-4DEE-825F-D276FE5D562F}.Debug|x64.ActiveCfg = Debug|x64
		{34C75FAD-AA6F-4DEE-825F-D276FE5D562F}.Debug|x64.Build.0 = Debug|x64
		{34C75FAD-AA6F-4DEE-825F-D276FE5D562F}.Debug|x86.ActiveCfg = Debug|Win32
		{34C75FAD-AA6F-4DEE-825F-D276FE5D562F}.Debug|x86.Build.0 = Debug|Win32
		{34C75FAD-AA6F-4DEE-825F-D276FE5D562F}.Release|x64.ActiveCfg = Release|x64
		{34C75FAD-AA6F-4DEE-825F-D276FE5D562F}.Release|x64.Build.0 = Release|x64
		{34C75FAD-AA6F-4DEE-825F-D276FE5D562F}.Release|x86.ActiveCfg = Release|Win32
		{34C75FAD-AA6F-4DEE-825F-D276FE5D562F}.Release|x86.Build.0 = Release|Win32
		{E429C519-24EA-43F8-B260-314692B32FA8}.Debug|x64.ActiveCfg = Debug|x64
		{E429C519-24EA-43F8-B260-314692B32FA8}.Debug|x64.Build.0 = Debug|x64
		{E429C519-24EA-43F8-B260-314692B32FA8}.Debug|x86.ActiveCfg = Debug|Win32
		{E429C519-24EA-43F8-B260-314692B32FA8}.Debug|x86.Build.0 = Debug|Win32
		{E429C519-24EA-43F8-B260-314692B32FA8}.Release|x64.ActiveCfg = Release|x64
		{E429C519-24EA-43F8-B260-314692B32FA8}.Release|x64.Build.0 = Release|x64
		{E429C519-24EA-43F8-B260-314692B32FA8}.Release|x86.ActiveCfg = Release|Win32
		{E429C519-24EA-43F8-B260-314692B32FA8}.Release|x86.Build.0 = Release|Win32
		{5093E33A-428A-48A9-AE3A-C9373C0CECF0}.Debug|x64.ActiveCfg = Debug|x64
		{5093E33A-428A-48A9-AE3A-C9373C0CECF0}.Debug|x64.Build.0 = Debug|x64
		{5093E33A-428A-48A9-AE3A-C9373C0CECF0}.Debug|x86.ActiveCfg = Debug|Win32
		{5093E33A-428A-48A9-AE3A-C9373C0CECF0}.Debug|x86.Build.0 = Debug|Win32
		{5093E33A-428A-48A9-AE3A-C9373C0CECF0}.Release|x64.ActiveCfg = Release|x64
		{5093E33A-428A-48A9-AE3A-C9373C0CECF0}.Release|x64.Build.0 = Release|x64
		{5093E33A-428A-48A9-AE3A-C9373C0CECF0}.Release|x86.ActiveCfg = Release|Win32
		{5093E33A-428A-48A9-AE3A-C9373C0CECF0}.Release|x86.Build.0 = Release|Win32
		{C2918A4E-5F51-454A-ACFC-B3C6049DDB65}.Debug|x64.ActiveCfg = Debug|x64
		{C2918A4E-5F51-454A-ACFC-B3C6049DDB65}.Debug|x64.Build.0 = Debug|x64
		{C2918A4E-5F51-454A-ACFC-B3C6049DDB65}.Debug|x86.ActiveCfg = Debug|Win32
		{C2918A4E-5F51-454A-ACFC-B3C6049DDB65}.Debug|x86.Build.0 = Debug|Win32
		{C2918A4E-5F51-454A-ACFC-B3C6049DDB65}.Release|x64.ActiveCfg = Release|x64
		{C2918A4E-5F51-454A-ACFC-B3C6049DDB65}.Release|x64.Build.0 = Release|x64
		{C2918A4E-5F51-454A-ACFC-B3C6049DDB65}.Release|x86.ActiveCfg = Release|Win32
		{C2918A4E-5F51-454A-ACFC-B3C6049DDB65}.Release|x86.Build.0 = Release|Win32
		{1926FA22-381D-4714-8623-14553BA8D46A}.Debug|x64.ActiveCfg = Debug|x64
		{1926FA22-381D-4714-8623-14553BA8D46A}.Debug|x64.Build.0 = Debug|x64
		{1926FA22-381D-4714-8623-14553BA8D46A}.Debug|x86.ActiveCfg = Debug|Win32
		{1926FA22-381D-4714-8623-14553BA8D46A}.Debug|x86.Build.0 = Debug|Win32
		{1926FA22-381D-4714-8623-14553BA8D46A}.Release|x64.ActiveCfg = Release|x64
		{1926FA22-381D-4714-8623-14553BA8D46A}.Release|x64.Build.0 = Release|x64
		{1926FA22-381D-4714-8623-14553BA8D46A}.Release|x86.ActiveCfg = Release|Win32
		{1926FA22-381D-4714-8623-14553BA8D46A}.Release|x86.Build.0 = Release|Win32
		{4DE284A6-896C-4303-8BAE-F05C0277AF87}.Debug|x64.ActiveCfg = Debug|x64
		{4DE284A6-896C-4303-8BAE-F05C0277AF87}.Debug|x64.Build.0 = Debug|x64
		{4DE284A6-896C-4303-8BAE-F05C0277AF87}.Debug|x86.ActiveCfg = Debug|Win32
		{4DE284A6-896C-4303-8BAE-F05C0277AF87}.Debug|x86.Build.0 = Debug|Win32
		{4DE284A6-896C-4303-8BAE-F05C0277AF87}.Release|x64.ActiveCfg = Release|x64
		{4DE284A6-896C-4303-8BAE-F05C0277AF87}.Release|x64.Build.0 = Release|x64
		{4DE284A6-896C-4303-8BAE-F05C0277AF87}.Release|x86.ActiveCfg = Release|Win32
		{4DE284A6-896C-4303-8BAE-F05C0277AF87}.Release|x86.Build.0 = Release|Win32
		{83772489-66E2-4082-9E4D-80BDE6DE4858}.Debug|x64.ActiveCfg = Debug|x64
		{83772489-66E2-4082-9E4D-80BDE6DE4858}.Debug|x64.Build.0 = Debug|x64
		{83772489-66E2-4082-9E4D-80BDE6DE4858}.Debug|x86.ActiveCfg = Debug|Win32
		{83772489-66E2-4082-9E4D-80BDE6DE4858}.Debug|x86.Build.0 = Debug|Win32
		{83772489-66E2-4082-9E4D-80BDE6DE4858}.Release|x64.ActiveCfg = Release|x64
		{83772489-66E2-4082-9E4D-80BDE6DE4858}.Release|x64.Build.0 = Release|x64
		{83772489-66E2-4082-9E4D-80BDE6DE4858}.Release|x86.ActiveCfg = Release|Win32
		{83772489-66E2-4082-9E4D-80BDE6DE4858}.Release|x86.Build.0 = Release|Win32
		{C1456FDE-EE68-4573-A749-871FCADBADDE}.Debug|x64.ActiveCfg = Debug|x64
		{C1456FDE-EE68-4573-A749-871FCADBADDE}.Debug|x64.Build.0 = Debug|x64
		{C1456FDE-EE68-4573-A749-871FCADBADDE}.Debug|x86.ActiveCfg = Debug|Win32
		{C1456FDE-EE68-4573-A749-871FCADBADDE}.Debug|x86.Build.0 = Debug|Win32
		{C1456FDE-EE68-4573-A749-871FCADBADDE}.Release|x64.ActiveCfg = Release|x64
		{C1456FDE-EE68-4573-A749-871FCADBADDE}.Release|x64.Build.0 = Release|x64
		{C1456FDE-EE68-4573-A749-871FCADBADDE}.Release|x86.ActiveCfg = Release|Win32
		{C1456FDE-EE68-4573-A749-871FCADBADDE}.Release|x86.Build.0 = Release|Win32
	EndGlobalSection
	GlobalSection(SolutionProperties) = preSolution
		HideSolutionNode = FALSE
	EndGlobalSection
	GlobalSection(ExtensibilityGlobals) = postSolution
		SolutionGuid = {45DC850B-DF2D-4213-BA2D-20DC1464088E}
	EndGlobalSection
EndGlobal
