
Microsoft Visual Studio Solution File, Format Version 12.00
# Visual Studio Version 17
VisualStudioVersion = 17.4.33110.190
MinimumVisualStudioVersion = 10.0.40219.1
Project("{8BC9CEB8-8B4A-11D0-8D11-00A0C91BC942}") = "Day01", "Day01\Day01.vcxproj", "{E4BCD1C0-F711-4D5A-B021-9E8D4ACD5136}"
EndProject
Project("{8BC9CEB8-8B4A-11D0-8D11-00A0C91BC942}") = "Utilities", "..\2021\Utilities\Utilities.vcxproj", "{1593F446-DE1A-49F4-A134-53D76599276E}"
EndProject
Project("{8BC9CEB8-8B4A-11D0-8D11-00A0C91BC942}") = "Day02", "Day02\Day02.vcxproj", "{AE829CD7-BE5A-461F-B668-E498CD5D4590}"
EndProject
Project("{8BC9CEB8-8B4A-11D0-8D11-00A0C91BC942}") = "Day03", "Day03\Day03.vcxproj", "{FC283A19-B392-4843-9B07-BEA9B0E72618}"
EndProject
Project("{8BC9CEB8-8B4A-11D0-8D11-00A0C91BC942}") = "Day04", "Day04\Day04.vcxproj", "{07776EE3-00B5-4D60-A171-55EF5A9CD8E7}"
EndProject
Project("{8BC9CEB8-8B4A-11D0-8D11-00A0C91BC942}") = "Day05", "Day05\Day05.vcxproj", "{C10A120C-D3EF-4901-AB4D-573C5453EA69}"
EndProject
Project("{8BC9CEB8-8B4A-11D0-8D11-00A0C91BC942}") = "Day06", "Day06\Day06.vcxproj", "{2A0DCB18-2B6C-4CAD-ACB5-EDDEBD7FDD52}"
EndProject
Project("{8BC9CEB8-8B4A-11D0-8D11-00A0C91BC942}") = "Day07", "Day07\Day07.vcxproj", "{CB68E902-4428-4311-A501-4B8997671000}"
EndProject
Project("{8BC9CEB8-8B4A-11D0-8D11-00A0C91BC942}") = "Day08", "Day08\Day08.vcxproj", "{A2593C5F-DBFC-49F0-AB8D-C5456D614DB5}"
EndProject
Project("{8BC9CEB8-8B4A-11D0-8D11-00A0C91BC942}") = "Day09", "Day09\Day09.vcxproj", "{BC315797-76C2-4730-8AEF-88E31DE21535}"
EndProject
Project("{8BC9CEB8-8B4A-11D0-8D11-00A0C91BC942}") = "Day10", "Day10\Day10.vcxproj", "{AABB3917-DDAC-416B-8458-00CB41BC62FE}"
EndProject
Project("{8BC9CEB8-8B4A-11D0-8D11-00A0C91BC942}") = "Day11", "Day11\Day11.vcxproj", "{F413DC90-7BEA-4065-B93B-725B5D1A1DD6}"
EndProject
Project("{8BC9CEB8-8B4A-11D0-8D11-00A0C91BC942}") = "Day12", "Day12\Day12.vcxproj", "{3F437614-A32F-4675-9A46-2C79D640B996}"
EndProject
Global
	GlobalSection(SolutionConfigurationPlatforms) = preSolution
		Debug|x64 = Debug|x64
		Debug|x86 = Debug|x86
		Release|x64 = Release|x64
		Release|x86 = Release|x86
	EndGlobalSection
	GlobalSection(ProjectConfigurationPlatforms) = postSolution
		{E4BCD1C0-F711-4D5A-B021-9E8D4ACD5136}.Debug|x64.ActiveCfg = Debug|x64
		{E4BCD1C0-F711-4D5A-B021-9E8D4ACD5136}.Debug|x64.Build.0 = Debug|x64
		{E4BCD1C0-F711-4D5A-B021-9E8D4ACD5136}.Debug|x86.ActiveCfg = Debug|Win32
		{E4BCD1C0-F711-4D5A-B021-9E8D4ACD5136}.Debug|x86.Build.0 = Debug|Win32
		{E4BCD1C0-F711-4D5A-B021-9E8D4ACD5136}.Release|x64.ActiveCfg = Release|x64
		{E4BCD1C0-F711-4D5A-B021-9E8D4ACD5136}.Release|x64.Build.0 = Release|x64
		{E4BCD1C0-F711-4D5A-B021-9E8D4ACD5136}.Release|x86.ActiveCfg = Release|Win32
		{E4BCD1C0-F711-4D5A-B021-9E8D4ACD5136}.Release|x86.Build.0 = Release|Win32
		{1593F446-DE1A-49F4-A134-53D76599276E}.Debug|x64.ActiveCfg = Debug|x64
		{1593F446-DE1A-49F4-A134-53D76599276E}.Debug|x64.Build.0 = Debug|x64
		{1593F446-DE1A-49F4-A134-53D76599276E}.Debug|x86.ActiveCfg = Debug|Win32
		{1593F446-DE1A-49F4-A134-53D76599276E}.Debug|x86.Build.0 = Debug|Win32
		{1593F446-DE1A-49F4-A134-53D76599276E}.Release|x64.ActiveCfg = Release|x64
		{1593F446-DE1A-49F4-A134-53D76599276E}.Release|x64.Build.0 = Release|x64
		{1593F446-DE1A-49F4-A134-53D76599276E}.Release|x86.ActiveCfg = Release|Win32
		{1593F446-DE1A-49F4-A134-53D76599276E}.Release|x86.Build.0 = Release|Win32
		{AE829CD7-BE5A-461F-B668-E498CD5D4590}.Debug|x64.ActiveCfg = Debug|x64
		{AE829CD7-BE5A-461F-B668-E498CD5D4590}.Debug|x64.Build.0 = Debug|x64
		{AE829CD7-BE5A-461F-B668-E498CD5D4590}.Debug|x86.ActiveCfg = Debug|Win32
		{AE829CD7-BE5A-461F-B668-E498CD5D4590}.Debug|x86.Build.0 = Debug|Win32
		{AE829CD7-BE5A-461F-B668-E498CD5D4590}.Release|x64.ActiveCfg = Release|x64
		{AE829CD7-BE5A-461F-B668-E498CD5D4590}.Release|x64.Build.0 = Release|x64
		{AE829CD7-BE5A-461F-B668-E498CD5D4590}.Release|x86.ActiveCfg = Release|Win32
		{AE829CD7-BE5A-461F-B668-E498CD5D4590}.Release|x86.Build.0 = Release|Win32
		{FC283A19-B392-4843-9B07-BEA9B0E72618}.Debug|x64.ActiveCfg = Debug|x64
		{FC283A19-B392-4843-9B07-BEA9B0E72618}.Debug|x64.Build.0 = Debug|x64
		{FC283A19-B392-4843-9B07-BEA9B0E72618}.Debug|x86.ActiveCfg = Debug|Win32
		{FC283A19-B392-4843-9B07-BEA9B0E72618}.Debug|x86.Build.0 = Debug|Win32
		{FC283A19-B392-4843-9B07-BEA9B0E72618}.Release|x64.ActiveCfg = Release|x64
		{FC283A19-B392-4843-9B07-BEA9B0E72618}.Release|x64.Build.0 = Release|x64
		{FC283A19-B392-4843-9B07-BEA9B0E72618}.Release|x86.ActiveCfg = Release|Win32
		{FC283A19-B392-4843-9B07-BEA9B0E72618}.Release|x86.Build.0 = Release|Win32
		{07776EE3-00B5-4D60-A171-55EF5A9CD8E7}.Debug|x64.ActiveCfg = Debug|x64
		{07776EE3-00B5-4D60-A171-55EF5A9CD8E7}.Debug|x64.Build.0 = Debug|x64
		{07776EE3-00B5-4D60-A171-55EF5A9CD8E7}.Debug|x86.ActiveCfg = Debug|Win32
		{07776EE3-00B5-4D60-A171-55EF5A9CD8E7}.Debug|x86.Build.0 = Debug|Win32
		{07776EE3-00B5-4D60-A171-55EF5A9CD8E7}.Release|x64.ActiveCfg = Release|x64
		{07776EE3-00B5-4D60-A171-55EF5A9CD8E7}.Release|x64.Build.0 = Release|x64
		{07776EE3-00B5-4D60-A171-55EF5A9CD8E7}.Release|x86.ActiveCfg = Release|Win32
		{07776EE3-00B5-4D60-A171-55EF5A9CD8E7}.Release|x86.Build.0 = Release|Win32
		{C10A120C-D3EF-4901-AB4D-573C5453EA69}.Debug|x64.ActiveCfg = Debug|x64
		{C10A120C-D3EF-4901-AB4D-573C5453EA69}.Debug|x64.Build.0 = Debug|x64
		{C10A120C-D3EF-4901-AB4D-573C5453EA69}.Debug|x86.ActiveCfg = Debug|Win32
		{C10A120C-D3EF-4901-AB4D-573C5453EA69}.Debug|x86.Build.0 = Debug|Win32
		{C10A120C-D3EF-4901-AB4D-573C5453EA69}.Release|x64.ActiveCfg = Release|x64
		{C10A120C-D3EF-4901-AB4D-573C5453EA69}.Release|x64.Build.0 = Release|x64
		{C10A120C-D3EF-4901-AB4D-573C5453EA69}.Release|x86.ActiveCfg = Release|Win32
		{C10A120C-D3EF-4901-AB4D-573C5453EA69}.Release|x86.Build.0 = Release|Win32
		{2A0DCB18-2B6C-4CAD-ACB5-EDDEBD7FDD52}.Debug|x64.ActiveCfg = Debug|x64
		{2A0DCB18-2B6C-4CAD-ACB5-EDDEBD7FDD52}.Debug|x64.Build.0 = Debug|x64
		{2A0DCB18-2B6C-4CAD-ACB5-EDDEBD7FDD52}.Debug|x86.ActiveCfg = Debug|Win32
		{2A0DCB18-2B6C-4CAD-ACB5-EDDEBD7FDD52}.Debug|x86.Build.0 = Debug|Win32
		{2A0DCB18-2B6C-4CAD-ACB5-EDDEBD7FDD52}.Release|x64.ActiveCfg = Release|x64
		{2A0DCB18-2B6C-4CAD-ACB5-EDDEBD7FDD52}.Release|x64.Build.0 = Release|x64
		{2A0DCB18-2B6C-4CAD-ACB5-EDDEBD7FDD52}.Release|x86.ActiveCfg = Release|Win32
		{2A0DCB18-2B6C-4CAD-ACB5-EDDEBD7FDD52}.Release|x86.Build.0 = Release|Win32
		{CB68E902-4428-4311-A501-4B8997671000}.Debug|x64.ActiveCfg = Debug|x64
		{CB68E902-4428-4311-A501-4B8997671000}.Debug|x64.Build.0 = Debug|x64
		{CB68E902-4428-4311-A501-4B8997671000}.Debug|x86.ActiveCfg = Debug|Win32
		{CB68E902-4428-4311-A501-4B8997671000}.Debug|x86.Build.0 = Debug|Win32
		{CB68E902-4428-4311-A501-4B8997671000}.Release|x64.ActiveCfg = Release|x64
		{CB68E902-4428-4311-A501-4B8997671000}.Release|x64.Build.0 = Release|x64
		{CB68E902-4428-4311-A501-4B8997671000}.Release|x86.ActiveCfg = Release|Win32
		{CB68E902-4428-4311-A501-4B8997671000}.Release|x86.Build.0 = Release|Win32
		{A2593C5F-DBFC-49F0-AB8D-C5456D614DB5}.Debug|x64.ActiveCfg = Debug|x64
		{A2593C5F-DBFC-49F0-AB8D-C5456D614DB5}.Debug|x64.Build.0 = Debug|x64
		{A2593C5F-DBFC-49F0-AB8D-C5456D614DB5}.Debug|x86.ActiveCfg = Debug|Win32
		{A2593C5F-DBFC-49F0-AB8D-C5456D614DB5}.Debug|x86.Build.0 = Debug|Win32
		{A2593C5F-DBFC-49F0-AB8D-C5456D614DB5}.Release|x64.ActiveCfg = Release|x64
		{A2593C5F-DBFC-49F0-AB8D-C5456D614DB5}.Release|x64.Build.0 = Release|x64
		{A2593C5F-DBFC-49F0-AB8D-C5456D614DB5}.Release|x86.ActiveCfg = Release|Win32
		{A2593C5F-DBFC-49F0-AB8D-C5456D614DB5}.Release|x86.Build.0 = Release|Win32
		{BC315797-76C2-4730-8AEF-88E31DE21535}.Debug|x64.ActiveCfg = Debug|x64
		{BC315797-76C2-4730-8AEF-88E31DE21535}.Debug|x64.Build.0 = Debug|x64
		{BC315797-76C2-4730-8AEF-88E31DE21535}.Debug|x86.ActiveCfg = Debug|Win32
		{BC315797-76C2-4730-8AEF-88E31DE21535}.Debug|x86.Build.0 = Debug|Win32
		{BC315797-76C2-4730-8AEF-88E31DE21535}.Release|x64.ActiveCfg = Release|x64
		{BC315797-76C2-4730-8AEF-88E31DE21535}.Release|x64.Build.0 = Release|x64
		{BC315797-76C2-4730-8AEF-88E31DE21535}.Release|x86.ActiveCfg = Release|Win32
		{BC315797-76C2-4730-8AEF-88E31DE21535}.Release|x86.Build.0 = Release|Win32
		{AABB3917-DDAC-416B-8458-00CB41BC62FE}.Debug|x64.ActiveCfg = Debug|x64
		{AABB3917-DDAC-416B-8458-00CB41BC62FE}.Debug|x64.Build.0 = Debug|x64
		{AABB3917-DDAC-416B-8458-00CB41BC62FE}.Debug|x86.ActiveCfg = Debug|Win32
		{AABB3917-DDAC-416B-8458-00CB41BC62FE}.Debug|x86.Build.0 = Debug|Win32
		{AABB3917-DDAC-416B-8458-00CB41BC62FE}.Release|x64.ActiveCfg = Release|x64
		{AABB3917-DDAC-416B-8458-00CB41BC62FE}.Release|x64.Build.0 = Release|x64
		{AABB3917-DDAC-416B-8458-00CB41BC62FE}.Release|x86.ActiveCfg = Release|Win32
		{AABB3917-DDAC-416B-8458-00CB41BC62FE}.Release|x86.Build.0 = Release|Win32
		{F413DC90-7BEA-4065-B93B-725B5D1A1DD6}.Debug|x64.ActiveCfg = Debug|x64
		{F413DC90-7BEA-4065-B93B-725B5D1A1DD6}.Debug|x64.Build.0 = Debug|x64
		{F413DC90-7BEA-4065-B93B-725B5D1A1DD6}.Debug|x86.ActiveCfg = Debug|Win32
		{F413DC90-7BEA-4065-B93B-725B5D1A1DD6}.Debug|x86.Build.0 = Debug|Win32
		{F413DC90-7BEA-4065-B93B-725B5D1A1DD6}.Release|x64.ActiveCfg = Release|x64
		{F413DC90-7BEA-4065-B93B-725B5D1A1DD6}.Release|x64.Build.0 = Release|x64
		{F413DC90-7BEA-4065-B93B-725B5D1A1DD6}.Release|x86.ActiveCfg = Release|Win32
		{F413DC90-7BEA-4065-B93B-725B5D1A1DD6}.Release|x86.Build.0 = Release|Win32
		{3F437614-A32F-4675-9A46-2C79D640B996}.Debug|x64.ActiveCfg = Debug|x64
		{3F437614-A32F-4675-9A46-2C79D640B996}.Debug|x64.Build.0 = Debug|x64
		{3F437614-A32F-4675-9A46-2C79D640B996}.Debug|x86.ActiveCfg = Debug|Win32
		{3F437614-A32F-4675-9A46-2C79D640B996}.Debug|x86.Build.0 = Debug|Win32
		{3F437614-A32F-4675-9A46-2C79D640B996}.Release|x64.ActiveCfg = Release|x64
		{3F437614-A32F-4675-9A46-2C79D640B996}.Release|x64.Build.0 = Release|x64
		{3F437614-A32F-4675-9A46-2C79D640B996}.Release|x86.ActiveCfg = Release|Win32
		{3F437614-A32F-4675-9A46-2C79D640B996}.Release|x86.Build.0 = Release|Win32
	EndGlobalSection
	GlobalSection(SolutionProperties) = preSolution
		HideSolutionNode = FALSE
	EndGlobalSection
	GlobalSection(ExtensibilityGlobals) = postSolution
		SolutionGuid = {2914326F-8AAC-43F0-A774-DE7A9EE11602}
	EndGlobalSection
EndGlobal
