
Microsoft Visual Studio Solution File, Format Version 12.00
# Visual Studio Version 17
VisualStudioVersion = 17.0.31912.275
MinimumVisualStudioVersion = 10.0.40219.1
Project("{8BC9CEB8-8B4A-11D0-8D11-00A0C91BC942}") = "Day01", "Day01\Day01.vcxproj", "{C249C03F-840F-45BF-A9EA-89BCB95DA30F}"
EndProject
Project("{8BC9CEB8-8B4A-11D0-8D11-00A0C91BC942}") = "Day02", "Day02\Day02.vcxproj", "{9C1400A9-3694-45D0-9E9A-89473A2D7471}"
EndProject
Project("{8BC9CEB8-8B4A-11D0-8D11-00A0C91BC942}") = "Day03", "Day03\Day03.vcxproj", "{06AC561D-497A-47B0-BC93-45A4BA33FED9}"
EndProject
Project("{8BC9CEB8-8B4A-11D0-8D11-00A0C91BC942}") = "Day04", "Day04\Day04.vcxproj", "{F8315226-0CF1-4AD7-A295-17E5D2BC66FD}"
EndProject
Project("{8BC9CEB8-8B4A-11D0-8D11-00A0C91BC942}") = "Day05", "Day05\Day05.vcxproj", "{8F6D997B-0491-4E36-BCBA-43BFE7808633}"
EndProject
Project("{8BC9CEB8-8B4A-11D0-8D11-00A0C91BC942}") = "Day06", "Day06\Day06.vcxproj", "{F579EF6A-0A31-4CEF-82EA-1B94A7A1146A}"
EndProject
Project("{8BC9CEB8-8B4A-11D0-8D11-00A0C91BC942}") = "Day07", "Day07\Day07.vcxproj", "{337864DF-900A-4C6A-95BC-9DE977F609F0}"
EndProject
Project("{8BC9CEB8-8B4A-11D0-8D11-00A0C91BC942}") = "Day08", "Day08\Day08.vcxproj", "{15D4C34E-F78E-444F-B216-DD462541C2D7}"
EndProject
Project("{8BC9CEB8-8B4A-11D0-8D11-00A0C91BC942}") = "Day09", "Day09\Day09.vcxproj", "{B6992FEC-8043-48C7-9079-ABE11731F8EE}"
EndProject
Project("{8BC9CEB8-8B4A-11D0-8D11-00A0C91BC942}") = "Day10", "Day10\Day10.vcxproj", "{B7985960-E457-46A2-9B6B-620114035BA7}"
EndProject
Project("{8BC9CEB8-8B4A-11D0-8D11-00A0C91BC942}") = "Day11", "Day11\Day11.vcxproj", "{7C9A7963-4966-4600-99B8-68234CFE64B6}"
EndProject
Project("{8BC9CEB8-8B4A-11D0-8D11-00A0C91BC942}") = "Day12", "Day12\Day12.vcxproj", "{71F67030-4B5C-4A74-924C-1254091BEA14}"
EndProject
Project("{8BC9CEB8-8B4A-11D0-8D11-00A0C91BC942}") = "Day13", "Day13\Day13.vcxproj", "{D99558BA-A6CC-4785-BAC1-5796DB28514C}"
EndProject
Project("{8BC9CEB8-8B4A-11D0-8D11-00A0C91BC942}") = "Day14", "Day14\Day14.vcxproj", "{92DDC2CD-FA52-4E7A-B5AA-A6FD451120CD}"
EndProject
Project("{8BC9CEB8-8B4A-11D0-8D11-00A0C91BC942}") = "Day15", "Day15\Day15.vcxproj", "{35F7F576-0B2B-4D5D-A176-5380E1ACB186}"
EndProject
Project("{8BC9CEB8-8B4A-11D0-8D11-00A0C91BC942}") = "Day16", "Day16\Day16.vcxproj", "{EC2399B8-0FA6-4DDB-84F6-99BC5DDF56F9}"
EndProject
Project("{8BC9CEB8-8B4A-11D0-8D11-00A0C91BC942}") = "Day17", "Day17\Day17.vcxproj", "{DEF6335C-915C-4C4D-A00A-E3D2234FBDA4}"
EndProject
Project("{8BC9CEB8-8B4A-11D0-8D11-00A0C91BC942}") = "Day18", "Day18\Day18.vcxproj", "{BCE0C67E-D7F7-4B35-9F3C-3CFE33FC9FC9}"
EndProject
Project("{8BC9CEB8-8B4A-11D0-8D11-00A0C91BC942}") = "Day19", "Day19\Day19.vcxproj", "{B23DDE42-B802-4EE1-9EFF-8A5D49953223}"
EndProject
Project("{8BC9CEB8-8B4A-11D0-8D11-00A0C91BC942}") = "Day20", "Day20\Day20.vcxproj", "{263DCA06-7D0B-4FA0-A4A1-43928498B4EF}"
EndProject
Project("{8BC9CEB8-8B4A-11D0-8D11-00A0C91BC942}") = "Day21", "Day21\Day21.vcxproj", "{0161A13A-504E-4755-89DD-252363ED7F2D}"
EndProject
Project("{8BC9CEB8-8B4A-11D0-8D11-00A0C91BC942}") = "Day22", "Day22\Day22.vcxproj", "{38521C4F-FDE5-401E-BCE9-A4A959DC2F90}"
EndProject
Project("{8BC9CEB8-8B4A-11D0-8D11-00A0C91BC942}") = "Day23", "Day23\Day23.vcxproj", "{C707F493-4580-4682-BE64-0C719B1D7E29}"
EndProject
Project("{8BC9CEB8-8B4A-11D0-8D11-00A0C91BC942}") = "Day24", "Day24\Day24.vcxproj", "{85CECBE8-D77A-415D-A2F8-6EEE5C17315B}"
EndProject
Project("{8BC9CEB8-8B4A-11D0-8D11-00A0C91BC942}") = "Day25", "Day25\Day25.vcxproj", "{DD26CCEF-C0E0-4876-988D-B5F45256C3D5}"
EndProject
Global
	GlobalSection(SolutionConfigurationPlatforms) = preSolution
		Debug|x64 = Debug|x64
		Debug|x86 = Debug|x86
		Release|x64 = Release|x64
		Release|x86 = Release|x86
	EndGlobalSection
	GlobalSection(ProjectConfigurationPlatforms) = postSolution
		{C249C03F-840F-45BF-A9EA-89BCB95DA30F}.Debug|x64.ActiveCfg = Debug|x64
		{C249C03F-840F-45BF-A9EA-89BCB95DA30F}.Debug|x64.Build.0 = Debug|x64
		{C249C03F-840F-45BF-A9EA-89BCB95DA30F}.Debug|x86.ActiveCfg = Debug|Win32
		{C249C03F-840F-45BF-A9EA-89BCB95DA30F}.Debug|x86.Build.0 = Debug|Win32
		{C249C03F-840F-45BF-A9EA-89BCB95DA30F}.Release|x64.ActiveCfg = Release|x64
		{C249C03F-840F-45BF-A9EA-89BCB95DA30F}.Release|x64.Build.0 = Release|x64
		{C249C03F-840F-45BF-A9EA-89BCB95DA30F}.Release|x86.ActiveCfg = Release|Win32
		{C249C03F-840F-45BF-A9EA-89BCB95DA30F}.Release|x86.Build.0 = Release|Win32
		{9C1400A9-3694-45D0-9E9A-89473A2D7471}.Debug|x64.ActiveCfg = Debug|x64
		{9C1400A9-3694-45D0-9E9A-89473A2D7471}.Debug|x64.Build.0 = Debug|x64
		{9C1400A9-3694-45D0-9E9A-89473A2D7471}.Debug|x86.ActiveCfg = Debug|Win32
		{9C1400A9-3694-45D0-9E9A-89473A2D7471}.Debug|x86.Build.0 = Debug|Win32
		{9C1400A9-3694-45D0-9E9A-89473A2D7471}.Release|x64.ActiveCfg = Release|x64
		{9C1400A9-3694-45D0-9E9A-89473A2D7471}.Release|x64.Build.0 = Release|x64
		{9C1400A9-3694-45D0-9E9A-89473A2D7471}.Release|x86.ActiveCfg = Release|Win32
		{9C1400A9-3694-45D0-9E9A-89473A2D7471}.Release|x86.Build.0 = Release|Win32
		{06AC561D-497A-47B0-BC93-45A4BA33FED9}.Debug|x64.ActiveCfg = Debug|x64
		{06AC561D-497A-47B0-BC93-45A4BA33FED9}.Debug|x64.Build.0 = Debug|x64
		{06AC561D-497A-47B0-BC93-45A4BA33FED9}.Debug|x86.ActiveCfg = Debug|Win32
		{06AC561D-497A-47B0-BC93-45A4BA33FED9}.Debug|x86.Build.0 = Debug|Win32
		{06AC561D-497A-47B0-BC93-45A4BA33FED9}.Release|x64.ActiveCfg = Release|x64
		{06AC561D-497A-47B0-BC93-45A4BA33FED9}.Release|x64.Build.0 = Release|x64
		{06AC561D-497A-47B0-BC93-45A4BA33FED9}.Release|x86.ActiveCfg = Release|Win32
		{06AC561D-497A-47B0-BC93-45A4BA33FED9}.Release|x86.Build.0 = Release|Win32
		{F8315226-0CF1-4AD7-A295-17E5D2BC66FD}.Debug|x64.ActiveCfg = Debug|x64
		{F8315226-0CF1-4AD7-A295-17E5D2BC66FD}.Debug|x64.Build.0 = Debug|x64
		{F8315226-0CF1-4AD7-A295-17E5D2BC66FD}.Debug|x86.ActiveCfg = Debug|Win32
		{F8315226-0CF1-4AD7-A295-17E5D2BC66FD}.Debug|x86.Build.0 = Debug|Win32
		{F8315226-0CF1-4AD7-A295-17E5D2BC66FD}.Release|x64.ActiveCfg = Release|x64
		{F8315226-0CF1-4AD7-A295-17E5D2BC66FD}.Release|x64.Build.0 = Release|x64
		{F8315226-0CF1-4AD7-A295-17E5D2BC66FD}.Release|x86.ActiveCfg = Release|Win32
		{F8315226-0CF1-4AD7-A295-17E5D2BC66FD}.Release|x86.Build.0 = Release|Win32
		{8F6D997B-0491-4E36-BCBA-43BFE7808633}.Debug|x64.ActiveCfg = Debug|x64
		{8F6D997B-0491-4E36-BCBA-43BFE7808633}.Debug|x64.Build.0 = Debug|x64
		{8F6D997B-0491-4E36-BCBA-43BFE7808633}.Debug|x86.ActiveCfg = Debug|Win32
		{8F6D997B-0491-4E36-BCBA-43BFE7808633}.Debug|x86.Build.0 = Debug|Win32
		{8F6D997B-0491-4E36-BCBA-43BFE7808633}.Release|x64.ActiveCfg = Release|x64
		{8F6D997B-0491-4E36-BCBA-43BFE7808633}.Release|x64.Build.0 = Release|x64
		{8F6D997B-0491-4E36-BCBA-43BFE7808633}.Release|x86.ActiveCfg = Release|Win32
		{8F6D997B-0491-4E36-BCBA-43BFE7808633}.Release|x86.Build.0 = Release|Win32
		{F579EF6A-0A31-4CEF-82EA-1B94A7A1146A}.Debug|x64.ActiveCfg = Debug|x64
		{F579EF6A-0A31-4CEF-82EA-1B94A7A1146A}.Debug|x64.Build.0 = Debug|x64
		{F579EF6A-0A31-4CEF-82EA-1B94A7A1146A}.Debug|x86.ActiveCfg = Debug|Win32
		{F579EF6A-0A31-4CEF-82EA-1B94A7A1146A}.Debug|x86.Build.0 = Debug|Win32
		{F579EF6A-0A31-4CEF-82EA-1B94A7A1146A}.Release|x64.ActiveCfg = Release|x64
		{F579EF6A-0A31-4CEF-82EA-1B94A7A1146A}.Release|x64.Build.0 = Release|x64
		{F579EF6A-0A31-4CEF-82EA-1B94A7A1146A}.Release|x86.ActiveCfg = Release|Win32
		{F579EF6A-0A31-4CEF-82EA-1B94A7A1146A}.Release|x86.Build.0 = Release|Win32
		{337864DF-900A-4C6A-95BC-9DE977F609F0}.Debug|x64.ActiveCfg = Debug|x64
		{337864DF-900A-4C6A-95BC-9DE977F609F0}.Debug|x64.Build.0 = Debug|x64
		{337864DF-900A-4C6A-95BC-9DE977F609F0}.Debug|x86.ActiveCfg = Debug|Win32
		{337864DF-900A-4C6A-95BC-9DE977F609F0}.Debug|x86.Build.0 = Debug|Win32
		{337864DF-900A-4C6A-95BC-9DE977F609F0}.Release|x64.ActiveCfg = Release|x64
		{337864DF-900A-4C6A-95BC-9DE977F609F0}.Release|x64.Build.0 = Release|x64
		{337864DF-900A-4C6A-95BC-9DE977F609F0}.Release|x86.ActiveCfg = Release|Win32
		{337864DF-900A-4C6A-95BC-9DE977F609F0}.Release|x86.Build.0 = Release|Win32
		{15D4C34E-F78E-444F-B216-DD462541C2D7}.Debug|x64.ActiveCfg = Debug|x64
		{15D4C34E-F78E-444F-B216-DD462541C2D7}.Debug|x64.Build.0 = Debug|x64
		{15D4C34E-F78E-444F-B216-DD462541C2D7}.Debug|x86.ActiveCfg = Debug|Win32
		{15D4C34E-F78E-444F-B216-DD462541C2D7}.Debug|x86.Build.0 = Debug|Win32
		{15D4C34E-F78E-444F-B216-DD462541C2D7}.Release|x64.ActiveCfg = Release|x64
		{15D4C34E-F78E-444F-B216-DD462541C2D7}.Release|x64.Build.0 = Release|x64
		{15D4C34E-F78E-444F-B216-DD462541C2D7}.Release|x86.ActiveCfg = Release|Win32
		{15D4C34E-F78E-444F-B216-DD462541C2D7}.Release|x86.Build.0 = Release|Win32
		{B6992FEC-8043-48C7-9079-ABE11731F8EE}.Debug|x64.ActiveCfg = Debug|x64
		{B6992FEC-8043-48C7-9079-ABE11731F8EE}.Debug|x64.Build.0 = Debug|x64
		{B6992FEC-8043-48C7-9079-ABE11731F8EE}.Debug|x86.ActiveCfg = Debug|Win32
		{B6992FEC-8043-48C7-9079-ABE11731F8EE}.Debug|x86.Build.0 = Debug|Win32
		{B6992FEC-8043-48C7-9079-ABE11731F8EE}.Release|x64.ActiveCfg = Release|x64
		{B6992FEC-8043-48C7-9079-ABE11731F8EE}.Release|x64.Build.0 = Release|x64
		{B6992FEC-8043-48C7-9079-ABE11731F8EE}.Release|x86.ActiveCfg = Release|Win32
		{B6992FEC-8043-48C7-9079-ABE11731F8EE}.Release|x86.Build.0 = Release|Win32
		{B7985960-E457-46A2-9B6B-620114035BA7}.Debug|x64.ActiveCfg = Debug|x64
		{B7985960-E457-46A2-9B6B-620114035BA7}.Debug|x64.Build.0 = Debug|x64
		{B7985960-E457-46A2-9B6B-620114035BA7}.Debug|x86.ActiveCfg = Debug|Win32
		{B7985960-E457-46A2-9B6B-620114035BA7}.Debug|x86.Build.0 = Debug|Win32
		{B7985960-E457-46A2-9B6B-620114035BA7}.Release|x64.ActiveCfg = Release|x64
		{B7985960-E457-46A2-9B6B-620114035BA7}.Release|x64.Build.0 = Release|x64
		{B7985960-E457-46A2-9B6B-620114035BA7}.Release|x86.ActiveCfg = Release|Win32
		{B7985960-E457-46A2-9B6B-620114035BA7}.Release|x86.Build.0 = Release|Win32
		{7C9A7963-4966-4600-99B8-68234CFE64B6}.Debug|x64.ActiveCfg = Debug|x64
		{7C9A7963-4966-4600-99B8-68234CFE64B6}.Debug|x64.Build.0 = Debug|x64
		{7C9A7963-4966-4600-99B8-68234CFE64B6}.Debug|x86.ActiveCfg = Debug|Win32
		{7C9A7963-4966-4600-99B8-68234CFE64B6}.Debug|x86.Build.0 = Debug|Win32
		{7C9A7963-4966-4600-99B8-68234CFE64B6}.Release|x64.ActiveCfg = Release|x64
		{7C9A7963-4966-4600-99B8-68234CFE64B6}.Release|x64.Build.0 = Release|x64
		{7C9A7963-4966-4600-99B8-68234CFE64B6}.Release|x86.ActiveCfg = Release|Win32
		{7C9A7963-4966-4600-99B8-68234CFE64B6}.Release|x86.Build.0 = Release|Win32
		{71F67030-4B5C-4A74-924C-1254091BEA14}.Debug|x64.ActiveCfg = Debug|x64
		{71F67030-4B5C-4A74-924C-1254091BEA14}.Debug|x64.Build.0 = Debug|x64
		{71F67030-4B5C-4A74-924C-1254091BEA14}.Debug|x86.ActiveCfg = Debug|Win32
		{71F67030-4B5C-4A74-924C-1254091BEA14}.Debug|x86.Build.0 = Debug|Win32
		{71F67030-4B5C-4A74-924C-1254091BEA14}.Release|x64.ActiveCfg = Release|x64
		{71F67030-4B5C-4A74-924C-1254091BEA14}.Release|x64.Build.0 = Release|x64
		{71F67030-4B5C-4A74-924C-1254091BEA14}.Release|x86.ActiveCfg = Release|Win32
		{71F67030-4B5C-4A74-924C-1254091BEA14}.Release|x86.Build.0 = Release|Win32
		{D99558BA-A6CC-4785-BAC1-5796DB28514C}.Debug|x64.ActiveCfg = Debug|x64
		{D99558BA-A6CC-4785-BAC1-5796DB28514C}.Debug|x64.Build.0 = Debug|x64
		{D99558BA-A6CC-4785-BAC1-5796DB28514C}.Debug|x86.ActiveCfg = Debug|Win32
		{D99558BA-A6CC-4785-BAC1-5796DB28514C}.Debug|x86.Build.0 = Debug|Win32
		{D99558BA-A6CC-4785-BAC1-5796DB28514C}.Release|x64.ActiveCfg = Release|x64
		{D99558BA-A6CC-4785-BAC1-5796DB28514C}.Release|x64.Build.0 = Release|x64
		{D99558BA-A6CC-4785-BAC1-5796DB28514C}.Release|x86.ActiveCfg = Release|Win32
		{D99558BA-A6CC-4785-BAC1-5796DB28514C}.Release|x86.Build.0 = Release|Win32
		{92DDC2CD-FA52-4E7A-B5AA-A6FD451120CD}.Debug|x64.ActiveCfg = Debug|x64
		{92DDC2CD-FA52-4E7A-B5AA-A6FD451120CD}.Debug|x64.Build.0 = Debug|x64
		{92DDC2CD-FA52-4E7A-B5AA-A6FD451120CD}.Debug|x86.ActiveCfg = Debug|Win32
		{92DDC2CD-FA52-4E7A-B5AA-A6FD451120CD}.Debug|x86.Build.0 = Debug|Win32
		{92DDC2CD-FA52-4E7A-B5AA-A6FD451120CD}.Release|x64.ActiveCfg = Release|x64
		{92DDC2CD-FA52-4E7A-B5AA-A6FD451120CD}.Release|x64.Build.0 = Release|x64
		{92DDC2CD-FA52-4E7A-B5AA-A6FD451120CD}.Release|x86.ActiveCfg = Release|Win32
		{92DDC2CD-FA52-4E7A-B5AA-A6FD451120CD}.Release|x86.Build.0 = Release|Win32
		{35F7F576-0B2B-4D5D-A176-5380E1ACB186}.Debug|x64.ActiveCfg = Debug|x64
		{35F7F576-0B2B-4D5D-A176-5380E1ACB186}.Debug|x64.Build.0 = Debug|x64
		{35F7F576-0B2B-4D5D-A176-5380E1ACB186}.Debug|x86.ActiveCfg = Debug|Win32
		{35F7F576-0B2B-4D5D-A176-5380E1ACB186}.Debug|x86.Build.0 = Debug|Win32
		{35F7F576-0B2B-4D5D-A176-5380E1ACB186}.Release|x64.ActiveCfg = Release|x64
		{35F7F576-0B2B-4D5D-A176-5380E1ACB186}.Release|x64.Build.0 = Release|x64
		{35F7F576-0B2B-4D5D-A176-5380E1ACB186}.Release|x86.ActiveCfg = Release|Win32
		{35F7F576-0B2B-4D5D-A176-5380E1ACB186}.Release|x86.Build.0 = Release|Win32
		{EC2399B8-0FA6-4DDB-84F6-99BC5DDF56F9}.Debug|x64.ActiveCfg = Debug|x64
		{EC2399B8-0FA6-4DDB-84F6-99BC5DDF56F9}.Debug|x64.Build.0 = Debug|x64
		{EC2399B8-0FA6-4DDB-84F6-99BC5DDF56F9}.Debug|x86.ActiveCfg = Debug|Win32
		{EC2399B8-0FA6-4DDB-84F6-99BC5DDF56F9}.Debug|x86.Build.0 = Debug|Win32
		{EC2399B8-0FA6-4DDB-84F6-99BC5DDF56F9}.Release|x64.ActiveCfg = Release|x64
		{EC2399B8-0FA6-4DDB-84F6-99BC5DDF56F9}.Release|x64.Build.0 = Release|x64
		{EC2399B8-0FA6-4DDB-84F6-99BC5DDF56F9}.Release|x86.ActiveCfg = Release|Win32
		{EC2399B8-0FA6-4DDB-84F6-99BC5DDF56F9}.Release|x86.Build.0 = Release|Win32
		{DEF6335C-915C-4C4D-A00A-E3D2234FBDA4}.Debug|x64.ActiveCfg = Debug|x64
		{DEF6335C-915C-4C4D-A00A-E3D2234FBDA4}.Debug|x64.Build.0 = Debug|x64
		{DEF6335C-915C-4C4D-A00A-E3D2234FBDA4}.Debug|x86.ActiveCfg = Debug|Win32
		{DEF6335C-915C-4C4D-A00A-E3D2234FBDA4}.Debug|x86.Build.0 = Debug|Win32
		{DEF6335C-915C-4C4D-A00A-E3D2234FBDA4}.Release|x64.ActiveCfg = Release|x64
		{DEF6335C-915C-4C4D-A00A-E3D2234FBDA4}.Release|x64.Build.0 = Release|x64
		{DEF6335C-915C-4C4D-A00A-E3D2234FBDA4}.Release|x86.ActiveCfg = Release|Win32
		{DEF6335C-915C-4C4D-A00A-E3D2234FBDA4}.Release|x86.Build.0 = Release|Win32
		{BCE0C67E-D7F7-4B35-9F3C-3CFE33FC9FC9}.Debug|x64.ActiveCfg = Debug|x64
		{BCE0C67E-D7F7-4B35-9F3C-3CFE33FC9FC9}.Debug|x64.Build.0 = Debug|x64
		{BCE0C67E-D7F7-4B35-9F3C-3CFE33FC9FC9}.Debug|x86.ActiveCfg = Debug|Win32
		{BCE0C67E-D7F7-4B35-9F3C-3CFE33FC9FC9}.Debug|x86.Build.0 = Debug|Win32
		{BCE0C67E-D7F7-4B35-9F3C-3CFE33FC9FC9}.Release|x64.ActiveCfg = Release|x64
		{BCE0C67E-D7F7-4B35-9F3C-3CFE33FC9FC9}.Release|x64.Build.0 = Release|x64
		{BCE0C67E-D7F7-4B35-9F3C-3CFE33FC9FC9}.Release|x86.ActiveCfg = Release|Win32
		{BCE0C67E-D7F7-4B35-9F3C-3CFE33FC9FC9}.Release|x86.Build.0 = Release|Win32
		{B23DDE42-B802-4EE1-9EFF-8A5D49953223}.Debug|x64.ActiveCfg = Debug|x64
		{B23DDE42-B802-4EE1-9EFF-8A5D49953223}.Debug|x64.Build.0 = Debug|x64
		{B23DDE42-B802-4EE1-9EFF-8A5D49953223}.Debug|x86.ActiveCfg = Debug|Win32
		{B23DDE42-B802-4EE1-9EFF-8A5D49953223}.Debug|x86.Build.0 = Debug|Win32
		{B23DDE42-B802-4EE1-9EFF-8A5D49953223}.Release|x64.ActiveCfg = Release|x64
		{B23DDE42-B802-4EE1-9EFF-8A5D49953223}.Release|x64.Build.0 = Release|x64
		{B23DDE42-B802-4EE1-9EFF-8A5D49953223}.Release|x86.ActiveCfg = Release|Win32
		{B23DDE42-B802-4EE1-9EFF-8A5D49953223}.Release|x86.Build.0 = Release|Win32
		{263DCA06-7D0B-4FA0-A4A1-43928498B4EF}.Debug|x64.ActiveCfg = Debug|x64
		{263DCA06-7D0B-4FA0-A4A1-43928498B4EF}.Debug|x64.Build.0 = Debug|x64
		{263DCA06-7D0B-4FA0-A4A1-43928498B4EF}.Debug|x86.ActiveCfg = Debug|Win32
		{263DCA06-7D0B-4FA0-A4A1-43928498B4EF}.Debug|x86.Build.0 = Debug|Win32
		{263DCA06-7D0B-4FA0-A4A1-43928498B4EF}.Release|x64.ActiveCfg = Release|x64
		{263DCA06-7D0B-4FA0-A4A1-43928498B4EF}.Release|x64.Build.0 = Release|x64
		{263DCA06-7D0B-4FA0-A4A1-43928498B4EF}.Release|x86.ActiveCfg = Release|Win32
		{263DCA06-7D0B-4FA0-A4A1-43928498B4EF}.Release|x86.Build.0 = Release|Win32
		{0161A13A-504E-4755-89DD-252363ED7F2D}.Debug|x64.ActiveCfg = Debug|x64
		{0161A13A-504E-4755-89DD-252363ED7F2D}.Debug|x64.Build.0 = Debug|x64
		{0161A13A-504E-4755-89DD-252363ED7F2D}.Debug|x86.ActiveCfg = Debug|Win32
		{0161A13A-504E-4755-89DD-252363ED7F2D}.Debug|x86.Build.0 = Debug|Win32
		{0161A13A-504E-4755-89DD-252363ED7F2D}.Release|x64.ActiveCfg = Release|x64
		{0161A13A-504E-4755-89DD-252363ED7F2D}.Release|x64.Build.0 = Release|x64
		{0161A13A-504E-4755-89DD-252363ED7F2D}.Release|x86.ActiveCfg = Release|Win32
		{0161A13A-504E-4755-89DD-252363ED7F2D}.Release|x86.Build.0 = Release|Win32
		{38521C4F-FDE5-401E-BCE9-A4A959DC2F90}.Debug|x64.ActiveCfg = Debug|x64
		{38521C4F-FDE5-401E-BCE9-A4A959DC2F90}.Debug|x64.Build.0 = Debug|x64
		{38521C4F-FDE5-401E-BCE9-A4A959DC2F90}.Debug|x86.ActiveCfg = Debug|Win32
		{38521C4F-FDE5-401E-BCE9-A4A959DC2F90}.Debug|x86.Build.0 = Debug|Win32
		{38521C4F-FDE5-401E-BCE9-A4A959DC2F90}.Release|x64.ActiveCfg = Release|x64
		{38521C4F-FDE5-401E-BCE9-A4A959DC2F90}.Release|x64.Build.0 = Release|x64
		{38521C4F-FDE5-401E-BCE9-A4A959DC2F90}.Release|x86.ActiveCfg = Release|Win32
		{38521C4F-FDE5-401E-BCE9-A4A959DC2F90}.Release|x86.Build.0 = Release|Win32
		{C707F493-4580-4682-BE64-0C719B1D7E29}.Debug|x64.ActiveCfg = Debug|x64
		{C707F493-4580-4682-BE64-0C719B1D7E29}.Debug|x64.Build.0 = Debug|x64
		{C707F493-4580-4682-BE64-0C719B1D7E29}.Debug|x86.ActiveCfg = Debug|Win32
		{C707F493-4580-4682-BE64-0C719B1D7E29}.Debug|x86.Build.0 = Debug|Win32
		{C707F493-4580-4682-BE64-0C719B1D7E29}.Release|x64.ActiveCfg = Release|x64
		{C707F493-4580-4682-BE64-0C719B1D7E29}.Release|x64.Build.0 = Release|x64
		{C707F493-4580-4682-BE64-0C719B1D7E29}.Release|x86.ActiveCfg = Release|Win32
		{C707F493-4580-4682-BE64-0C719B1D7E29}.Release|x86.Build.0 = Release|Win32
		{85CECBE8-D77A-415D-A2F8-6EEE5C17315B}.Debug|x64.ActiveCfg = Debug|x64
		{85CECBE8-D77A-415D-A2F8-6EEE5C17315B}.Debug|x64.Build.0 = Debug|x64
		{85CECBE8-D77A-415D-A2F8-6EEE5C17315B}.Debug|x86.ActiveCfg = Debug|Win32
		{85CECBE8-D77A-415D-A2F8-6EEE5C17315B}.Debug|x86.Build.0 = Debug|Win32
		{85CECBE8-D77A-415D-A2F8-6EEE5C17315B}.Release|x64.ActiveCfg = Release|x64
		{85CECBE8-D77A-415D-A2F8-6EEE5C17315B}.Release|x64.Build.0 = Release|x64
		{85CECBE8-D77A-415D-A2F8-6EEE5C17315B}.Release|x86.ActiveCfg = Release|Win32
		{85CECBE8-D77A-415D-A2F8-6EEE5C17315B}.Release|x86.Build.0 = Release|Win32
		{DD26CCEF-C0E0-4876-988D-B5F45256C3D5}.Debug|x64.ActiveCfg = Debug|x64
		{DD26CCEF-C0E0-4876-988D-B5F45256C3D5}.Debug|x64.Build.0 = Debug|x64
		{DD26CCEF-C0E0-4876-988D-B5F45256C3D5}.Debug|x86.ActiveCfg = Debug|Win32
		{DD26CCEF-C0E0-4876-988D-B5F45256C3D5}.Debug|x86.Build.0 = Debug|Win32
		{DD26CCEF-C0E0-4876-988D-B5F45256C3D5}.Release|x64.ActiveCfg = Release|x64
		{DD26CCEF-C0E0-4876-988D-B5F45256C3D5}.Release|x64.Build.0 = Release|x64
		{DD26CCEF-C0E0-4876-988D-B5F45256C3D5}.Release|x86.ActiveCfg = Release|Win32
		{DD26CCEF-C0E0-4876-988D-B5F45256C3D5}.Release|x86.Build.0 = Release|Win32
	EndGlobalSection
	GlobalSection(SolutionProperties) = preSolution
		HideSolutionNode = FALSE
	EndGlobalSection
	GlobalSection(ExtensibilityGlobals) = postSolution
		SolutionGuid = {269F8C9F-1F8D-4705-BB54-303F1E70A3F1}
	EndGlobalSection
EndGlobal
