
Microsoft Visual Studio Solution File, Format Version 12.00
# Visual Studio Version 17
VisualStudioVersion = 17.0.31912.275
MinimumVisualStudioVersion = 10.0.40219.1
Project("{8BC9CEB8-8B4A-11D0-8D11-00A0C91BC942}") = "Day01", "Day01\Day01.vcxproj", "{C249C03F-840F-45BF-A9EA-89BCB95DA30F}"
	ProjectSection(ProjectDependencies) = postProject
		{1593F446-DE1A-49F4-A134-53D76599276E} = {1593F446-DE1A-49F4-A134-53D76599276E}
	EndProjectSection
EndProject
Project("{8BC9CEB8-8B4A-11D0-8D11-00A0C91BC942}") = "Utilities", "Utilities\Utilities.vcxproj", "{1593F446-DE1A-49F4-A134-53D76599276E}"
EndProject
Project("{8BC9CEB8-8B4A-11D0-8D11-00A0C91BC942}") = "Day02", "Day02\Day02.vcxproj", "{C618B52D-3F4C-4170-BD7E-8E34299A5551}"
EndProject
Project("{8BC9CEB8-8B4A-11D0-8D11-00A0C91BC942}") = "Day03", "Day03\Day03.vcxproj", "{A4A5BF08-BF07-424B-8769-211801DBACBC}"
EndProject
Project("{8BC9CEB8-8B4A-11D0-8D11-00A0C91BC942}") = "Day04", "Day04\Day04.vcxproj", "{EE0920A9-76D5-467A-A4BD-CD8AD26A6173}"
EndProject
Project("{8BC9CEB8-8B4A-11D0-8D11-00A0C91BC942}") = "Day05", "Day05\Day05.vcxproj", "{B057399F-8356-4EA4-BD1C-86D037606F32}"
EndProject
Project("{8BC9CEB8-8B4A-11D0-8D11-00A0C91BC942}") = "Day06", "Day06\Day06.vcxproj", "{E9C857B1-924F-4692-8B10-4AE0BF7F4A3E}"
EndProject
Project("{8BC9CEB8-8B4A-11D0-8D11-00A0C91BC942}") = "Day07", "Day07\Day07.vcxproj", "{ADAC1281-4AC9-447E-800A-F5280B5AC307}"
EndProject
Project("{8BC9CEB8-8B4A-11D0-8D11-00A0C91BC942}") = "Day08", "Day08\Day08.vcxproj", "{9524A9B4-9754-44E5-AFF0-FD4CEEF24AD0}"
EndProject
Project("{8BC9CEB8-8B4A-11D0-8D11-00A0C91BC942}") = "Day09", "Day09\Day09.vcxproj", "{534AC6C2-C4F0-4D1E-A227-41C375B67E3D}"
EndProject
Project("{8BC9CEB8-8B4A-11D0-8D11-00A0C91BC942}") = "Day10", "Day10\Day10.vcxproj", "{7DA0420F-0381-4CEE-BAFD-23FECE6726CF}"
EndProject
Project("{8BC9CEB8-8B4A-11D0-8D11-00A0C91BC942}") = "Day11", "Day11\Day11.vcxproj", "{CBCD4E5E-E5AB-4080-ADD0-F65510AA1778}"
EndProject
Global
	GlobalSection(SolutionConfigurationPlatforms) = preSolution
		Debug|x64 = Debug|x64
		Debug|x86 = Debug|x86
		Release|x64 = Release|x64
		Release|x86 = Release|x86
	EndGlobalSection
	GlobalSection(ProjectConfigurationPlatforms) = postSolution
		{C249C03F-840F-45BF-A9EA-89BCB95DA30F}.Debug|x64.ActiveCfg = Debug|x64
		{C249C03F-840F-45BF-A9EA-89BCB95DA30F}.Debug|x64.Build.0 = Debug|x64
		{C249C03F-840F-45BF-A9EA-89BCB95DA30F}.Debug|x86.ActiveCfg = Debug|Win32
		{C249C03F-840F-45BF-A9EA-89BCB95DA30F}.Debug|x86.Build.0 = Debug|Win32
		{C249C03F-840F-45BF-A9EA-89BCB95DA30F}.Release|x64.ActiveCfg = Release|x64
		{C249C03F-840F-45BF-A9EA-89BCB95DA30F}.Release|x64.Build.0 = Release|x64
		{C249C03F-840F-45BF-A9EA-89BCB95DA30F}.Release|x86.ActiveCfg = Release|Win32
		{C249C03F-840F-45BF-A9EA-89BCB95DA30F}.Release|x86.Build.0 = Release|Win32
		{1593F446-DE1A-49F4-A134-53D76599276E}.Debug|x64.ActiveCfg = Debug|x64
		{1593F446-DE1A-49F4-A134-53D76599276E}.Debug|x64.Build.0 = Debug|x64
		{1593F446-DE1A-49F4-A134-53D76599276E}.Debug|x86.ActiveCfg = Debug|Win32
		{1593F446-DE1A-49F4-A134-53D76599276E}.Debug|x86.Build.0 = Debug|Win32
		{1593F446-DE1A-49F4-A134-53D76599276E}.Release|x64.ActiveCfg = Release|x64
		{1593F446-DE1A-49F4-A134-53D76599276E}.Release|x64.Build.0 = Release|x64
		{1593F446-DE1A-49F4-A134-53D76599276E}.Release|x86.ActiveCfg = Release|Win32
		{1593F446-DE1A-49F4-A134-53D76599276E}.Release|x86.Build.0 = Release|Win32
		{C618B52D-3F4C-4170-BD7E-8E34299A5551}.Debug|x64.ActiveCfg = Debug|x64
		{C618B52D-3F4C-4170-BD7E-8E34299A5551}.Debug|x64.Build.0 = Debug|x64
		{C618B52D-3F4C-4170-BD7E-8E34299A5551}.Debug|x86.ActiveCfg = Debug|Win32
		{C618B52D-3F4C-4170-BD7E-8E34299A5551}.Debug|x86.Build.0 = Debug|Win32
		{C618B52D-3F4C-4170-BD7E-8E34299A5551}.Release|x64.ActiveCfg = Release|x64
		{C618B52D-3F4C-4170-BD7E-8E34299A5551}.Release|x64.Build.0 = Release|x64
		{C618B52D-3F4C-4170-BD7E-8E34299A5551}.Release|x86.ActiveCfg = Release|Win32
		{C618B52D-3F4C-4170-BD7E-8E34299A5551}.Release|x86.Build.0 = Release|Win32
		{A4A5BF08-BF07-424B-8769-211801DBACBC}.Debug|x64.ActiveCfg = Debug|x64
		{A4A5BF08-BF07-424B-8769-211801DBACBC}.Debug|x64.Build.0 = Debug|x64
		{A4A5BF08-BF07-424B-8769-211801DBACBC}.Debug|x86.ActiveCfg = Debug|Win32
		{A4A5BF08-BF07-424B-8769-211801DBACBC}.Debug|x86.Build.0 = Debug|Win32
		{A4A5BF08-BF07-424B-8769-211801DBACBC}.Release|x64.ActiveCfg = Release|x64
		{A4A5BF08-BF07-424B-8769-211801DBACBC}.Release|x64.Build.0 = Release|x64
		{A4A5BF08-BF07-424B-8769-211801DBACBC}.Release|x86.ActiveCfg = Release|Win32
		{A4A5BF08-BF07-424B-8769-211801DBACBC}.Release|x86.Build.0 = Release|Win32
		{EE0920A9-76D5-467A-A4BD-CD8AD26A6173}.Debug|x64.ActiveCfg = Debug|x64
		{EE0920A9-76D5-467A-A4BD-CD8AD26A6173}.Debug|x64.Build.0 = Debug|x64
		{EE0920A9-76D5-467A-A4BD-CD8AD26A6173}.Debug|x86.ActiveCfg = Debug|Win32
		{EE0920A9-76D5-467A-A4BD-CD8AD26A6173}.Debug|x86.Build.0 = Debug|Win32
		{EE0920A9-76D5-467A-A4BD-CD8AD26A6173}.Release|x64.ActiveCfg = Release|x64
		{EE0920A9-76D5-467A-A4BD-CD8AD26A6173}.Release|x64.Build.0 = Release|x64
		{EE0920A9-76D5-467A-A4BD-CD8AD26A6173}.Release|x86.ActiveCfg = Release|Win32
		{EE0920A9-76D5-467A-A4BD-CD8AD26A6173}.Release|x86.Build.0 = Release|Win32
		{B057399F-8356-4EA4-BD1C-86D037606F32}.Debug|x64.ActiveCfg = Debug|x64
		{B057399F-8356-4EA4-BD1C-86D037606F32}.Debug|x64.Build.0 = Debug|x64
		{B057399F-8356-4EA4-BD1C-86D037606F32}.Debug|x86.ActiveCfg = Debug|Win32
		{B057399F-8356-4EA4-BD1C-86D037606F32}.Debug|x86.Build.0 = Debug|Win32
		{B057399F-8356-4EA4-BD1C-86D037606F32}.Release|x64.ActiveCfg = Release|x64
		{B057399F-8356-4EA4-BD1C-86D037606F32}.Release|x64.Build.0 = Release|x64
		{B057399F-8356-4EA4-BD1C-86D037606F32}.Release|x86.ActiveCfg = Release|Win32
		{B057399F-8356-4EA4-BD1C-86D037606F32}.Release|x86.Build.0 = Release|Win32
		{E9C857B1-924F-4692-8B10-4AE0BF7F4A3E}.Debug|x64.ActiveCfg = Debug|x64
		{E9C857B1-924F-4692-8B10-4AE0BF7F4A3E}.Debug|x64.Build.0 = Debug|x64
		{E9C857B1-924F-4692-8B10-4AE0BF7F4A3E}.Debug|x86.ActiveCfg = Debug|Win32
		{E9C857B1-924F-4692-8B10-4AE0BF7F4A3E}.Debug|x86.Build.0 = Debug|Win32
		{E9C857B1-924F-4692-8B10-4AE0BF7F4A3E}.Release|x64.ActiveCfg = Release|x64
		{E9C857B1-924F-4692-8B10-4AE0BF7F4A3E}.Release|x64.Build.0 = Release|x64
		{E9C857B1-924F-4692-8B10-4AE0BF7F4A3E}.Release|x86.ActiveCfg = Release|Win32
		{E9C857B1-924F-4692-8B10-4AE0BF7F4A3E}.Release|x86.Build.0 = Release|Win32
		{ADAC1281-4AC9-447E-800A-F5280B5AC307}.Debug|x64.ActiveCfg = Debug|x64
		{ADAC1281-4AC9-447E-800A-F5280B5AC307}.Debug|x64.Build.0 = Debug|x64
		{ADAC1281-4AC9-447E-800A-F5280B5AC307}.Debug|x86.ActiveCfg = Debug|Win32
		{ADAC1281-4AC9-447E-800A-F5280B5AC307}.Debug|x86.Build.0 = Debug|Win32
		{ADAC1281-4AC9-447E-800A-F5280B5AC307}.Release|x64.ActiveCfg = Release|x64
		{ADAC1281-4AC9-447E-800A-F5280B5AC307}.Release|x64.Build.0 = Release|x64
		{ADAC1281-4AC9-447E-800A-F5280B5AC307}.Release|x86.ActiveCfg = Release|Win32
		{ADAC1281-4AC9-447E-800A-F5280B5AC307}.Release|x86.Build.0 = Release|Win32
		{9524A9B4-9754-44E5-AFF0-FD4CEEF24AD0}.Debug|x64.ActiveCfg = Debug|x64
		{9524A9B4-9754-44E5-AFF0-FD4CEEF24AD0}.Debug|x64.Build.0 = Debug|x64
		{9524A9B4-9754-44E5-AFF0-FD4CEEF24AD0}.Debug|x86.ActiveCfg = Debug|Win32
		{9524A9B4-9754-44E5-AFF0-FD4CEEF24AD0}.Debug|x86.Build.0 = Debug|Win32
		{9524A9B4-9754-44E5-AFF0-FD4CEEF24AD0}.Release|x64.ActiveCfg = Release|x64
		{9524A9B4-9754-44E5-AFF0-FD4CEEF24AD0}.Release|x64.Build.0 = Release|x64
		{9524A9B4-9754-44E5-AFF0-FD4CEEF24AD0}.Release|x86.ActiveCfg = Release|Win32
		{9524A9B4-9754-44E5-AFF0-FD4CEEF24AD0}.Release|x86.Build.0 = Release|Win32
		{534AC6C2-C4F0-4D1E-A227-41C375B67E3D}.Debug|x64.ActiveCfg = Debug|x64
		{534AC6C2-C4F0-4D1E-A227-41C375B67E3D}.Debug|x64.Build.0 = Debug|x64
		{534AC6C2-C4F0-4D1E-A227-41C375B67E3D}.Debug|x86.ActiveCfg = Debug|Win32
		{534AC6C2-C4F0-4D1E-A227-41C375B67E3D}.Debug|x86.Build.0 = Debug|Win32
		{534AC6C2-C4F0-4D1E-A227-41C375B67E3D}.Release|x64.ActiveCfg = Release|x64
		{534AC6C2-C4F0-4D1E-A227-41C375B67E3D}.Release|x64.Build.0 = Release|x64
		{534AC6C2-C4F0-4D1E-A227-41C375B67E3D}.Release|x86.ActiveCfg = Release|Win32
		{534AC6C2-C4F0-4D1E-A227-41C375B67E3D}.Release|x86.Build.0 = Release|Win32
		{7DA0420F-0381-4CEE-BAFD-23FECE6726CF}.Debug|x64.ActiveCfg = Debug|x64
		{7DA0420F-0381-4CEE-BAFD-23FECE6726CF}.Debug|x64.Build.0 = Debug|x64
		{7DA0420F-0381-4CEE-BAFD-23FECE6726CF}.Debug|x86.ActiveCfg = Debug|Win32
		{7DA0420F-0381-4CEE-BAFD-23FECE6726CF}.Debug|x86.Build.0 = Debug|Win32
		{7DA0420F-0381-4CEE-BAFD-23FECE6726CF}.Release|x64.ActiveCfg = Release|x64
		{7DA0420F-0381-4CEE-BAFD-23FECE6726CF}.Release|x64.Build.0 = Release|x64
		{7DA0420F-0381-4CEE-BAFD-23FECE6726CF}.Release|x86.ActiveCfg = Release|Win32
		{7DA0420F-0381-4CEE-BAFD-23FECE6726CF}.Release|x86.Build.0 = Release|Win32
		{CBCD4E5E-E5AB-4080-ADD0-F65510AA1778}.Debug|x64.ActiveCfg = Debug|x64
		{CBCD4E5E-E5AB-4080-ADD0-F65510AA1778}.Debug|x64.Build.0 = Debug|x64
		{CBCD4E5E-E5AB-4080-ADD0-F65510AA1778}.Debug|x86.ActiveCfg = Debug|Win32
		{CBCD4E5E-E5AB-4080-ADD0-F65510AA1778}.Debug|x86.Build.0 = Debug|Win32
		{CBCD4E5E-E5AB-4080-ADD0-F65510AA1778}.Release|x64.ActiveCfg = Release|x64
		{CBCD4E5E-E5AB-4080-ADD0-F65510AA1778}.Release|x64.Build.0 = Release|x64
		{CBCD4E5E-E5AB-4080-ADD0-F65510AA1778}.Release|x86.ActiveCfg = Release|Win32
		{CBCD4E5E-E5AB-4080-ADD0-F65510AA1778}.Release|x86.Build.0 = Release|Win32
	EndGlobalSection
	GlobalSection(SolutionProperties) = preSolution
		HideSolutionNode = FALSE
	EndGlobalSection
	GlobalSection(ExtensibilityGlobals) = postSolution
		SolutionGuid = {269F8C9F-1F8D-4705-BB54-303F1E70A3F1}
	EndGlobalSection
EndGlobal
